{
  "originHash" : "96f07d86dd966f0f2cb8bfb7de1c46536fcc75b0cfa60bf9eb644b88769e7c96",
  "pins" : [
    {
      "identity" : "networkimage",
      "kind" : "remoteSourceControl",
      "location" : "https://github.com/gonzalezreal/NetworkImage",
      "state" : {
        "revision" : "2849f5323265386e200484b0d0f896e73c3411b9",
        "version" : "6.0.1"
      }
    },
    {
      "identity" : "swift-cmark",
      "kind" : "remoteSourceControl",
      "location" : "https://github.com/swiftlang/swift-cmark",
      "state" : {
        "revision" : "5d9bdaa4228b381639fff09403e39a04926e2dbe",
        "version" : "0.7.1"
      }
    },
    {
      "identity" : "swift-markdown-ui",
      "kind" : "remoteSourceControl",
      "location" : "https://github.com/gonzalezreal/swift-markdown-ui",
      "state" : {
        "revision" : "5f613358148239d0292c0cef674a3c2314737f9e",
        "version" : "2.4.1"
      }
    },
    {
      "identity" : "swiftcodingagent",
      "kind" : "remoteSourceControl",
      "location" : "https://github.com/section9-lab/SwiftCodingAgent",
      "state" : {
        "branch" : "main",
        "revision" : "0cd89ed624a872112768161a4f2761e4fdd8bf1f"
      }
    }
  ],
  "version" : 3
}
