// !$*UTF8*$!
{
	archiveVersion = 1;
	classes = {
	};
	objectVersion = 77;
	objects = {

/* Begin PBXBuildFile section */
		00C329194F6CA7F8190F389B /* DiagnosticsSettingsView.swift in Sources */ = {isa = PBXBuildFile; fileRef = DD100608B3FEA3586998F61C /* DiagnosticsSettingsView.swift */; };
		0AA8578C37652EB9D4051452 /* KanbanController.swift in Sources */ = {isa = PBXBuildFile; fileRef = C6318C67348C2AE16DA8799A /* KanbanController.swift */; };
		175D57594E0C4CF2B311FDF8 /* OAuthWebAuthenticator.swift in Sources */ = {isa = PBXBuildFile; fileRef = 38F32252C936ECDF875573B5 /* OAuthWebAuthenticator.swift */; };
		196685E351C0DA19DF8E2D66 /* UserAlertBanner.swift in Sources */ = {isa = PBXBuildFile; fileRef = 1C11927FC53B6722DBF193D8 /* UserAlertBanner.swift */; };
		22DB0E0F8449935156D540DD /* OTPInputView.swift in Sources */ = {isa = PBXBuildFile; fileRef = C7EC87034A8D30651F3CBAF4 /* OTPInputView.swift */; };
		3336775FA33A47E7CD854FDC /* EmailOTPClient.swift in Sources */ = {isa = PBXBuildFile; fileRef = 26F530FDD95561A77BF8A664 /* EmailOTPClient.swift */; };
		416F552C98547BD03AC35694 /* AuthTokenSet.swift in Sources */ = {isa = PBXBuildFile; fileRef = 3C7DDE5118F3208B50B6FFAA /* AuthTokenSet.swift */; };
		445CD0EC34D7B27F9ECA9EF3 /* Localizable.strings in Resources */ = {isa = PBXBuildFile; fileRef = 837A800EC07E8C84F6702F98 /* Localizable.strings */; };
		44C6A7B310A0A88509557A32 /* SettingsContainerView.swift in Sources */ = {isa = PBXBuildFile; fileRef = 958EDF92C0FA269A39255C7F /* SettingsContainerView.swift */; };
		4CBCDB151EB061404B109928 /* InfoPlist.strings in Resources */ = {isa = PBXBuildFile; fileRef = CDC16F01DF94F104697A5DA4 /* InfoPlist.strings */; };
		4FC9E760428D188AFAE9696F /* URLExtensions.swift in Sources */ = {isa = PBXBuildFile; fileRef = 91DE16007E173A645326756C /* URLExtensions.swift */; };
		549A7FF4C2E2CDBA0BC33359 /* StoreBackupManagerTests.swift.bak in Resources */ = {isa = PBXBuildFile; fileRef = 5C5E7DA5CF6AC275031372DD /* StoreBackupManagerTests.swift.bak */; };
		55FE5C7F09CD14FF93C2B6CF /* AuthUser.swift in Sources */ = {isa = PBXBuildFile; fileRef = A7660C20FF64367728A0540F /* AuthUser.swift */; };
		5F4A2EC143FDC8F8A6EFDD02 /* OTPInputProcessorTests.swift in Sources */ = {isa = PBXBuildFile; fileRef = 626B740D538AC157B3800E61 /* OTPInputProcessorTests.swift */; };
		60DB3B4886570C0EC3977B67 /* UserAlertCenter.swift in Sources */ = {isa = PBXBuildFile; fileRef = A7CA162EAF6068CC55484673 /* UserAlertCenter.swift */; };
		625B85CC824A13B3D78D8FD2 /* StoreBackupManagerTests.swift in Sources */ = {isa = PBXBuildFile; fileRef = FDB594959D58ACEE21783F5C /* StoreBackupManagerTests.swift */; };
		711A30B0960AAE30872339F0 /* GeneralSettingsViewModel.swift in Sources */ = {isa = PBXBuildFile; fileRef = 3D28B24DC1456B9B55EA8FA3 /* GeneralSettingsViewModel.swift */; };
		776E06FCDEB134676BE09CEB /* AuthSession.swift in Sources */ = {isa = PBXBuildFile; fileRef = 93E32F59AD160EE9D6AEE48C /* AuthSession.swift */; };
		7D59B8C47D4E9DCD7C6EF487 /* ImpulseApp.swift in Sources */ = {isa = PBXBuildFile; fileRef = 71EEE76C7792691B5965C458 /* ImpulseApp.swift */; };
		7E43862854B90BA60080F02B /* OpenAuthClient.swift in Sources */ = {isa = PBXBuildFile; fileRef = AB90E3CBE79E1E4BEF6E8E72 /* OpenAuthClient.swift */; };
		8BFC8084528A811F3D36FFB2 /* AppIcon.icon in Resources */ = {isa = PBXBuildFile; fileRef = 884E7F7B3BE443D1E0CB9C0C /* AppIcon.icon */; };
		8F3F1ADE6269F43BD912FD9F /* skills in Resources */ = {isa = PBXBuildFile; fileRef = 45B12E287AEC8AE6B054FFF1 /* skills */; };
		8FA9B0F327470BDFB1784E8B /* AppLanguage.swift in Sources */ = {isa = PBXBuildFile; fileRef = AFFC0295787AAA6027849FB3 /* AppLanguage.swift */; };
		9913E6EDC9A85A54AF56E9CE /* StoredEntitiesTests.swift in Sources */ = {isa = PBXBuildFile; fileRef = 494787B101CCB055D2D010C8 /* StoredEntitiesTests.swift */; };
		9CDC5A09F18112376E8160DA /* StoreBackupManager.swift in Sources */ = {isa = PBXBuildFile; fileRef = 4DC8867BA8176CAD8888E14E /* StoreBackupManager.swift */; };
		A26A665BED442AEDE2A449BC /* ContentView.swift in Sources */ = {isa = PBXBuildFile; fileRef = 3E6E7DCCFF9994694025CFF7 /* ContentView.swift */; };
		A44049E0BE23B05E177D04C0 /* SchemaVersion.swift in Sources */ = {isa = PBXBuildFile; fileRef = B313DFF1E346196C53BF67D8 /* SchemaVersion.swift */; };
		AD68DDC421476714E9AE8602 /* EmailOTPValidationTests.swift in Sources */ = {isa = PBXBuildFile; fileRef = E2ED1959311C2A4333A4861F /* EmailOTPValidationTests.swift */; };
		B30AA335FBF174A283E5747F /* KanbanPanelView.swift in Sources */ = {isa = PBXBuildFile; fileRef = F29763011DDEF85183EC3062 /* KanbanPanelView.swift */; };
		BF8292A58FE863EB7475606C /* Item.swift in Sources */ = {isa = PBXBuildFile; fileRef = 93A8786A07FC8532AD97F1B2 /* Item.swift */; };
		C12768CFF6FCEE3DF4A3AC8E /* Assets.xcassets in Resources */ = {isa = PBXBuildFile; fileRef = 0ECDAD2E483F60E9F9174DAD /* Assets.xcassets */; };
		D12B1E18BB0DA23B08013748 /* StoredKanbanTask.swift in Sources */ = {isa = PBXBuildFile; fileRef = 96A51C2385BD35C6348A40A1 /* StoredKanbanTask.swift */; };
		D3A504D37DD8BEE60F966DA3 /* UserAccountPopover.swift in Sources */ = {isa = PBXBuildFile; fileRef = 3E1C7A060CDF1F8080F052BE /* UserAccountPopover.swift */; };
		D453F4BDED3F37247BD61316 /* AuthKeychainStore.swift in Sources */ = {isa = PBXBuildFile; fileRef = A9F3CE2D05258B9C725B3A0B /* AuthKeychainStore.swift */; };
		D548BAAD8E7E465103F2663B /* EmailInputField.swift in Sources */ = {isa = PBXBuildFile; fileRef = DA14FE8BD470EEDFD5BADA31 /* EmailInputField.swift */; };
		D5DEE946E03AC3012CFF5F36 /* SettingsCard.swift in Sources */ = {isa = PBXBuildFile; fileRef = 0844CA40D56F874715F3E816 /* SettingsCard.swift */; };
		E0BF74DD6E11408E211A078D /* GeneralSettingsView.swift in Sources */ = {isa = PBXBuildFile; fileRef = 8204F7D3B23090EE996398D6 /* GeneralSettingsView.swift */; };
		E6C5825211C250DA0D799831 /* UserAlertCenterTests.swift in Sources */ = {isa = PBXBuildFile; fileRef = DC6C5E89A7032E5F5279F940 /* UserAlertCenterTests.swift */; };
		E98C47E7DE6001F7AF35C652 /* AppLog.swift in Sources */ = {isa = PBXBuildFile; fileRef = 7ADAA4D769CC4896B25858C2 /* AppLog.swift */; };
		FCA485E8BEC0379DA50975B7 /* StringExtensions.swift in Sources */ = {isa = PBXBuildFile; fileRef = D52C4C76BC3984411D92BE76 /* StringExtensions.swift */; };
/* End PBXBuildFile section */

/* Begin PBXContainerItemProxy section */
		F617619DC49574941CE920F5 /* PBXContainerItemProxy */ = {
			isa = PBXContainerItemProxy;
			containerPortal = 6280DE732DAFC5BF8CE75687 /* Project object */;
			proxyType = 1;
			remoteGlobalIDString = B029E5C098AE6F9D7DAA7C5C;
			remoteInfo = Impulse;
		};
/* End PBXContainerItemProxy section */

/* Begin PBXFileReference section */
		0844CA40D56F874715F3E816 /* SettingsCard.swift */ = {isa = PBXFileReference; lastKnownFileType = sourcecode.swift; path = SettingsCard.swift; sourceTree = "<group>"; };
		0ECDAD2E483F60E9F9174DAD /* Assets.xcassets */ = {isa = PBXFileReference; lastKnownFileType = folder.assetcatalog; path = Assets.xcassets; sourceTree = "<group>"; };
		1C11927FC53B6722DBF193D8 /* UserAlertBanner.swift */ = {isa = PBXFileReference; lastKnownFileType = sourcecode.swift; path = UserAlertBanner.swift; sourceTree = "<group>"; };
		26F530FDD95561A77BF8A664 /* EmailOTPClient.swift */ = {isa = PBXFileReference; lastKnownFileType = sourcecode.swift; path = EmailOTPClient.swift; sourceTree = "<group>"; };
		34FCDE7605F82FA9A4A5820A /* fr */ = {isa = PBXFileReference; lastKnownFileType = text.plist.strings; name = fr; path = fr.lproj/Localizable.strings; sourceTree = "<group>"; };
		38F32252C936ECDF875573B5 /* OAuthWebAuthenticator.swift */ = {isa = PBXFileReference; lastKnownFileType = sourcecode.swift; path = OAuthWebAuthenticator.swift; sourceTree = "<group>"; };
		3C7DDE5118F3208B50B6FFAA /* AuthTokenSet.swift */ = {isa = PBXFileReference; lastKnownFileType = sourcecode.swift; path = AuthTokenSet.swift; sourceTree = "<group>"; };
		3D28B24DC1456B9B55EA8FA3 /* GeneralSettingsViewModel.swift */ = {isa = PBXFileReference; lastKnownFileType = sourcecode.swift; path = GeneralSettingsViewModel.swift; sourceTree = "<group>"; };
		3E1C7A060CDF1F8080F052BE /* UserAccountPopover.swift */ = {isa = PBXFileReference; lastKnownFileType = sourcecode.swift; path = UserAccountPopover.swift; sourceTree = "<group>"; };
		3E6E7DCCFF9994694025CFF7 /* ContentView.swift */ = {isa = PBXFileReference; lastKnownFileType = sourcecode.swift; path = ContentView.swift; sourceTree = "<group>"; };
		4213BCD170CB1B402D1CF4DB /* en */ = {isa = PBXFileReference; lastKnownFileType = text.plist.strings; name = en; path = en.lproj/InfoPlist.strings; sourceTree = "<group>"; };
		431F41D88A558789D2C0B2A0 /* Impulse.app */ = {isa = PBXFileReference; explicitFileType = wrapper.application; includeInIndex = 0; path = Impulse.app; sourceTree = BUILT_PRODUCTS_DIR; };
		45B12E287AEC8AE6B054FFF1 /* skills */ = {isa = PBXFileReference; lastKnownFileType = folder; path = skills; sourceTree = SOURCE_ROOT; };
		464A3DF1528F83EBCD3E32E0 /* fr */ = {isa = PBXFileReference; lastKnownFileType = text.plist.strings; name = fr; path = fr.lproj/InfoPlist.strings; sourceTree = "<group>"; };
		494787B101CCB055D2D010C8 /* StoredEntitiesTests.swift */ = {isa = PBXFileReference; lastKnownFileType = sourcecode.swift; path = StoredEntitiesTests.swift; sourceTree = "<group>"; };
		4B8B10720E43EF4A2D721499 /* ja */ = {isa = PBXFileReference; lastKnownFileType = text.plist.strings; name = ja; path = ja.lproj/InfoPlist.strings; sourceTree = "<group>"; };
		4DC8867BA8176CAD8888E14E /* StoreBackupManager.swift */ = {isa = PBXFileReference; lastKnownFileType = sourcecode.swift; path = StoreBackupManager.swift; sourceTree = "<group>"; };
		526C6374E6C8D3D1F94133CC /* ru */ = {isa = PBXFileReference; lastKnownFileType = text.plist.strings; name = ru; path = ru.lproj/InfoPlist.strings; sourceTree = "<group>"; };
		58F2C65119291BEDEA4E8564 /* Impulse.entitlements */ = {isa = PBXFileReference; lastKnownFileType = text.plist.entitlements; path = Impulse.entitlements; sourceTree = "<group>"; };
		5C5E7DA5CF6AC275031372DD /* StoreBackupManagerTests.swift.bak */ = {isa = PBXFileReference; path = StoreBackupManagerTests.swift.bak; sourceTree = "<group>"; };
		626B740D538AC157B3800E61 /* OTPInputProcessorTests.swift */ = {isa = PBXFileReference; lastKnownFileType = sourcecode.swift; path = OTPInputProcessorTests.swift; sourceTree = "<group>"; };
		62E89B50E4670FD44E9C3F60 /* zh */ = {isa = PBXFileReference; lastKnownFileType = text.plist.strings; name = zh; path = zh.lproj/InfoPlist.strings; sourceTree = "<group>"; };
		641FD7736C28866239E8FD95 /* ja */ = {isa = PBXFileReference; lastKnownFileType = text.plist.strings; name = ja; path = ja.lproj/Localizable.strings; sourceTree = "<group>"; };
		65C302713F29DE1FC022AE86 /* es */ = {isa = PBXFileReference; lastKnownFileType = text.plist.strings; name = es; path = es.lproj/InfoPlist.strings; sourceTree = "<group>"; };
		67838BE235C7885D78EFB907 /* Info.plist */ = {isa = PBXFileReference; lastKnownFileType = text.plist; path = Info.plist; sourceTree = "<group>"; };
		69A650C0ABE39E401941835F /* zh */ = {isa = PBXFileReference; lastKnownFileType = text.plist.strings; name = zh; path = zh.lproj/Localizable.strings; sourceTree = "<group>"; };
		71EEE76C7792691B5965C458 /* ImpulseApp.swift */ = {isa = PBXFileReference; lastKnownFileType = sourcecode.swift; path = ImpulseApp.swift; sourceTree = "<group>"; };
		7ADAA4D769CC4896B25858C2 /* AppLog.swift */ = {isa = PBXFileReference; lastKnownFileType = sourcecode.swift; path = AppLog.swift; sourceTree = "<group>"; };
		8204F7D3B23090EE996398D6 /* GeneralSettingsView.swift */ = {isa = PBXFileReference; lastKnownFileType = sourcecode.swift; path = GeneralSettingsView.swift; sourceTree = "<group>"; };
		884E7F7B3BE443D1E0CB9C0C /* AppIcon.icon */ = {isa = PBXFileReference; lastKnownFileType = wrapper.icon; path = AppIcon.icon; sourceTree = "<group>"; };
		91DE16007E173A645326756C /* URLExtensions.swift */ = {isa = PBXFileReference; lastKnownFileType = sourcecode.swift; path = URLExtensions.swift; sourceTree = "<group>"; };
		93A8786A07FC8532AD97F1B2 /* Item.swift */ = {isa = PBXFileReference; lastKnownFileType = sourcecode.swift; path = Item.swift; sourceTree = "<group>"; };
		93E32F59AD160EE9D6AEE48C /* AuthSession.swift */ = {isa = PBXFileReference; lastKnownFileType = sourcecode.swift; path = AuthSession.swift; sourceTree = "<group>"; };
		958EDF92C0FA269A39255C7F /* SettingsContainerView.swift */ = {isa = PBXFileReference; lastKnownFileType = sourcecode.swift; path = SettingsContainerView.swift; sourceTree = "<group>"; };
		96A51C2385BD35C6348A40A1 /* StoredKanbanTask.swift */ = {isa = PBXFileReference; lastKnownFileType = sourcecode.swift; path = StoredKanbanTask.swift; sourceTree = "<group>"; };
		A7660C20FF64367728A0540F /* AuthUser.swift */ = {isa = PBXFileReference; lastKnownFileType = sourcecode.swift; path = AuthUser.swift; sourceTree = "<group>"; };
		A7CA162EAF6068CC55484673 /* UserAlertCenter.swift */ = {isa = PBXFileReference; lastKnownFileType = sourcecode.swift; path = UserAlertCenter.swift; sourceTree = "<group>"; };
		A814C12C6A761FD710D56718 /* es */ = {isa = PBXFileReference; lastKnownFileType = text.plist.strings; name = es; path = es.lproj/Localizable.strings; sourceTree = "<group>"; };
		A9F3CE2D05258B9C725B3A0B /* AuthKeychainStore.swift */ = {isa = PBXFileReference; lastKnownFileType = sourcecode.swift; path = AuthKeychainStore.swift; sourceTree = "<group>"; };
		AB90E3CBE79E1E4BEF6E8E72 /* OpenAuthClient.swift */ = {isa = PBXFileReference; lastKnownFileType = sourcecode.swift; path = OpenAuthClient.swift; sourceTree = "<group>"; };
		AFFC0295787AAA6027849FB3 /* AppLanguage.swift */ = {isa = PBXFileReference; lastKnownFileType = sourcecode.swift; path = AppLanguage.swift; sourceTree = "<group>"; };
		B313DFF1E346196C53BF67D8 /* SchemaVersion.swift */ = {isa = PBXFileReference; lastKnownFileType = sourcecode.swift; path = SchemaVersion.swift; sourceTree = "<group>"; };
		B4E88BDD6FB7ABFE433D8A19 /* ImpulseTests.xctest */ = {isa = PBXFileReference; explicitFileType = wrapper.cfbundle; includeInIndex = 0; path = ImpulseTests.xctest; sourceTree = BUILT_PRODUCTS_DIR; };
		C60D199978760A260416B1CA /* en */ = {isa = PBXFileReference; lastKnownFileType = text.plist.strings; name = en; path = en.lproj/Localizable.strings; sourceTree = "<group>"; };
		C6318C67348C2AE16DA8799A /* KanbanController.swift */ = {isa = PBXFileReference; lastKnownFileType = sourcecode.swift; path = KanbanController.swift; sourceTree = "<group>"; };
		C7EC87034A8D30651F3CBAF4 /* OTPInputView.swift */ = {isa = PBXFileReference; lastKnownFileType = sourcecode.swift; path = OTPInputView.swift; sourceTree = "<group>"; };
		D52C4C76BC3984411D92BE76 /* StringExtensions.swift */ = {isa = PBXFileReference; lastKnownFileType = sourcecode.swift; path = StringExtensions.swift; sourceTree = "<group>"; };
		DA14FE8BD470EEDFD5BADA31 /* EmailInputField.swift */ = {isa = PBXFileReference; lastKnownFileType = sourcecode.swift; path = EmailInputField.swift; sourceTree = "<group>"; };
		DC6C5E89A7032E5F5279F940 /* UserAlertCenterTests.swift */ = {isa = PBXFileReference; lastKnownFileType = sourcecode.swift; path = UserAlertCenterTests.swift; sourceTree = "<group>"; };
		DD100608B3FEA3586998F61C /* DiagnosticsSettingsView.swift */ = {isa = PBXFileReference; lastKnownFileType = sourcecode.swift; path = DiagnosticsSettingsView.swift; sourceTree = "<group>"; };
		E2ED1959311C2A4333A4861F /* EmailOTPValidationTests.swift */ = {isa = PBXFileReference; lastKnownFileType = sourcecode.swift; path = EmailOTPValidationTests.swift; sourceTree = "<group>"; };
		F29763011DDEF85183EC3062 /* KanbanPanelView.swift */ = {isa = PBXFileReference; lastKnownFileType = sourcecode.swift; path = KanbanPanelView.swift; sourceTree = "<group>"; };
		F5E7A71454F33A0B3D97F492 /* ru */ = {isa = PBXFileReference; lastKnownFileType = text.plist.strings; name = ru; path = ru.lproj/Localizable.strings; sourceTree = "<group>"; };
		FDB594959D58ACEE21783F5C /* StoreBackupManagerTests.swift */ = {isa = PBXFileReference; lastKnownFileType = sourcecode.swift; path = StoreBackupManagerTests.swift; sourceTree = "<group>"; };
/* End PBXFileReference section */

/* Begin PBXGroup section */
		00B846E9FA2D536F7B212CE3 /* Persistence */ = {
			isa = PBXGroup;
			children = (
				4DC8867BA8176CAD8888E14E /* StoreBackupManager.swift */,
			);
			path = Persistence;
			sourceTree = "<group>";
		};
		0531512EF3E289C5C34750EF /* Notifications */ = {
			isa = PBXGroup;
			children = (
				1C11927FC53B6722DBF193D8 /* UserAlertBanner.swift */,
				A7CA162EAF6068CC55484673 /* UserAlertCenter.swift */,
			);
			path = Notifications;
			sourceTree = "<group>";
		};
		0B4CF811B249B6826C72FDD6 /* Extensions */ = {
			isa = PBXGroup;
			children = (
				D52C4C76BC3984411D92BE76 /* StringExtensions.swift */,
				91DE16007E173A645326756C /* URLExtensions.swift */,
			);
			path = Extensions;
			sourceTree = "<group>";
		};
		0B50685CCD541A9D61048B95 /* App */ = {
			isa = PBXGroup;
			children = (
				71EEE76C7792691B5965C458 /* ImpulseApp.swift */,
				49F4096E4EBBE89BDED8A66D /* Root */,
			);
			name = App;
			path = Impulse/App;
			sourceTree = "<group>";
		};
		0FF33A3DD9708E028612DA52 /* ImpulseTests */ = {
			isa = PBXGroup;
			children = (
				E2ED1959311C2A4333A4861F /* EmailOTPValidationTests.swift */,
				626B740D538AC157B3800E61 /* OTPInputProcessorTests.swift */,
				FDB594959D58ACEE21783F5C /* StoreBackupManagerTests.swift */,
				5C5E7DA5CF6AC275031372DD /* StoreBackupManagerTests.swift.bak */,
				494787B101CCB055D2D010C8 /* StoredEntitiesTests.swift */,
				DC6C5E89A7032E5F5279F940 /* UserAlertCenterTests.swift */,
			);
			path = ImpulseTests;
			sourceTree = "<group>";
		};
		10BEB099B6CB1A2F6A0B4221 /* Theme */ = {
			isa = PBXGroup;
			children = (
			);
			path = Theme;
			sourceTree = "<group>";
		};
		2A61B412C097FAAAD2A998A3 /* Resources */ = {
			isa = PBXGroup;
			children = (
				884E7F7B3BE443D1E0CB9C0C /* AppIcon.icon */,
				0ECDAD2E483F60E9F9174DAD /* Assets.xcassets */,
				58F2C65119291BEDEA4E8564 /* Impulse.entitlements */,
				67838BE235C7885D78EFB907 /* Info.plist */,
				CDC16F01DF94F104697A5DA4 /* InfoPlist.strings */,
				837A800EC07E8C84F6702F98 /* Localizable.strings */,
			);
			name = Resources;
			path = Impulse/Resources;
			sourceTree = "<group>";
		};
		37D02046B3329355281CF885 /* Localization */ = {
			isa = PBXGroup;
			children = (
				AFFC0295787AAA6027849FB3 /* AppLanguage.swift */,
			);
			path = Localization;
			sourceTree = "<group>";
		};
		3F7CA65D1BC1F445860EE1B2 /* Data */ = {
			isa = PBXGroup;
			children = (
				E7F193B225712C9CD542C419 /* Models */,
				00B846E9FA2D536F7B212CE3 /* Persistence */,
			);
			path = Data;
			sourceTree = "<group>";
		};
		49F4096E4EBBE89BDED8A66D /* Root */ = {
			isa = PBXGroup;
			children = (
				3E6E7DCCFF9994694025CFF7 /* ContentView.swift */,
			);
			path = Root;
			sourceTree = "<group>";
		};
		4DD024DC01ED91ED04F80821 /* Utilities */ = {
			isa = PBXGroup;
			children = (
				7ADAA4D769CC4896B25858C2 /* AppLog.swift */,
			);
			path = Utilities;
			sourceTree = "<group>";
		};
		5598922A85F864025D6E80A2 /* Views */ = {
			isa = PBXGroup;
			children = (
				DD100608B3FEA3586998F61C /* DiagnosticsSettingsView.swift */,
				8204F7D3B23090EE996398D6 /* GeneralSettingsView.swift */,
				958EDF92C0FA269A39255C7F /* SettingsContainerView.swift */,
			);
			path = Views;
			sourceTree = "<group>";
		};
		5E55BB41EEA4BF9FA1C581B9 /* Models */ = {
			isa = PBXGroup;
			children = (
				3C7DDE5118F3208B50B6FFAA /* AuthTokenSet.swift */,
				A7660C20FF64367728A0540F /* AuthUser.swift */,
			);
			path = Models;
			sourceTree = "<group>";
		};
		62B8E83BCE1524959C1BF826 /* Core */ = {
			isa = PBXGroup;
			children = (
				85350DD291A5CC9741BA0298 /* Auth */,
				3F7CA65D1BC1F445860EE1B2 /* Data */,
				0531512EF3E289C5C34750EF /* Notifications */,
			);
			name = Core;
			path = Impulse/Core;
			sourceTree = "<group>";
		};
		67B5290398483F613C2BDD1E /* Settings */ = {
			isa = PBXGroup;
			children = (
				E45980543E98C6A03D34F46A /* Components */,
				9C876EF14EECAB778B044F19 /* ViewModels */,
				5598922A85F864025D6E80A2 /* Views */,
			);
			path = Settings;
			sourceTree = "<group>";
		};
		74BFD5464C40C64C7E5D1B2E /* Views */ = {
			isa = PBXGroup;
			children = (
				DA14FE8BD470EEDFD5BADA31 /* EmailInputField.swift */,
				C7EC87034A8D30651F3CBAF4 /* OTPInputView.swift */,
				3E1C7A060CDF1F8080F052BE /* UserAccountPopover.swift */,
			);
			path = Views;
			sourceTree = "<group>";
		};
		85350DD291A5CC9741BA0298 /* Auth */ = {
			isa = PBXGroup;
			children = (
				E2A05E436004D69F6290E882 /* Manager */,
				5E55BB41EEA4BF9FA1C581B9 /* Models */,
				98421F3E074E031695AB9C16 /* Services */,
			);
			path = Auth;
			sourceTree = "<group>";
		};
		86F4654C9C39DD9D82E4A200 /* Views */ = {
			isa = PBXGroup;
			children = (
				F29763011DDEF85183EC3062 /* KanbanPanelView.swift */,
			);
			path = Views;
			sourceTree = "<group>";
		};
		91396664ECECC092FAF6FAFB /* Shared */ = {
			isa = PBXGroup;
			children = (
				0B4CF811B249B6826C72FDD6 /* Extensions */,
				37D02046B3329355281CF885 /* Localization */,
				10BEB099B6CB1A2F6A0B4221 /* Theme */,
				4DD024DC01ED91ED04F80821 /* Utilities */,
			);
			name = Shared;
			path = Impulse/Shared;
			sourceTree = "<group>";
		};
		9686FB5ACF689891964650AB /* Kanban */ = {
			isa = PBXGroup;
			children = (
				9F21273816BCB1F43E12AB90 /* ViewModels */,
				86F4654C9C39DD9D82E4A200 /* Views */,
			);
			path = Kanban;
			sourceTree = "<group>";
		};
		9706F28995AFA5AA33AE65AE /* Features */ = {
			isa = PBXGroup;
			children = (
				F825E93B0591697FB92921A8 /* Auth */,
				9686FB5ACF689891964650AB /* Kanban */,
				67B5290398483F613C2BDD1E /* Settings */,
			);
			name = Features;
			path = Impulse/Features;
			sourceTree = "<group>";
		};
		98421F3E074E031695AB9C16 /* Services */ = {
			isa = PBXGroup;
			children = (
				A9F3CE2D05258B9C725B3A0B /* AuthKeychainStore.swift */,
				26F530FDD95561A77BF8A664 /* EmailOTPClient.swift */,
				38F32252C936ECDF875573B5 /* OAuthWebAuthenticator.swift */,
				AB90E3CBE79E1E4BEF6E8E72 /* OpenAuthClient.swift */,
			);
			path = Services;
			sourceTree = "<group>";
		};
		9C876EF14EECAB778B044F19 /* ViewModels */ = {
			isa = PBXGroup;
			children = (
				3D28B24DC1456B9B55EA8FA3 /* GeneralSettingsViewModel.swift */,
			);
			path = ViewModels;
			sourceTree = "<group>";
		};
		9F21273816BCB1F43E12AB90 /* ViewModels */ = {
			isa = PBXGroup;
			children = (
				C6318C67348C2AE16DA8799A /* KanbanController.swift */,
			);
			path = ViewModels;
			sourceTree = "<group>";
		};
		D40AEB032A75ADDE88D0DCD4 /* Products */ = {
			isa = PBXGroup;
			children = (
				431F41D88A558789D2C0B2A0 /* Impulse.app */,
				B4E88BDD6FB7ABFE433D8A19 /* ImpulseTests.xctest */,
			);
			name = Products;
			sourceTree = "<group>";
		};
		E2A05E436004D69F6290E882 /* Manager */ = {
			isa = PBXGroup;
			children = (
				93E32F59AD160EE9D6AEE48C /* AuthSession.swift */,
			);
			path = Manager;
			sourceTree = "<group>";
		};
		E45980543E98C6A03D34F46A /* Components */ = {
			isa = PBXGroup;
			children = (
				0844CA40D56F874715F3E816 /* SettingsCard.swift */,
			);
			path = Components;
			sourceTree = "<group>";
		};
		E7F193B225712C9CD542C419 /* Models */ = {
			isa = PBXGroup;
			children = (
				93A8786A07FC8532AD97F1B2 /* Item.swift */,
				B313DFF1E346196C53BF67D8 /* SchemaVersion.swift */,
				96A51C2385BD35C6348A40A1 /* StoredKanbanTask.swift */,
			);
			path = Models;
			sourceTree = "<group>";
		};
		F825E93B0591697FB92921A8 /* Auth */ = {
			isa = PBXGroup;
			children = (
				74BFD5464C40C64C7E5D1B2E /* Views */,
			);
			path = Auth;
			sourceTree = "<group>";
		};
		F9BDC164E6CEBC5B62DD456F = {
			isa = PBXGroup;
			children = (
				45B12E287AEC8AE6B054FFF1 /* skills */,
				0B50685CCD541A9D61048B95 /* App */,
				62B8E83BCE1524959C1BF826 /* Core */,
				9706F28995AFA5AA33AE65AE /* Features */,
				0FF33A3DD9708E028612DA52 /* ImpulseTests */,
				2A61B412C097FAAAD2A998A3 /* Resources */,
				91396664ECECC092FAF6FAFB /* Shared */,
				D40AEB032A75ADDE88D0DCD4 /* Products */,
			);
			sourceTree = "<group>";
		};
/* End PBXGroup section */

/* Begin PBXNativeTarget section */
		81144E5F8BAB484AFEC3DA90 /* ImpulseTests */ = {
			isa = PBXNativeTarget;
			buildConfigurationList = BD0746B8792504B899C4E0F0 /* Build configuration list for PBXNativeTarget "ImpulseTests" */;
			buildPhases = (
				9FA27405910AC6E35435C59F /* Sources */,
				5EDE8414EFDEDD761FEDC840 /* Resources */,
			);
			buildRules = (
			);
			dependencies = (
				693355DECCB4F5781DC63F99 /* PBXTargetDependency */,
			);
			name = ImpulseTests;
			packageProductDependencies = (
			);
			productName = ImpulseTests;
			productReference = B4E88BDD6FB7ABFE433D8A19 /* ImpulseTests.xctest */;
			productType = "com.apple.product-type.bundle.unit-test";
		};
		B029E5C098AE6F9D7DAA7C5C /* Impulse */ = {
			isa = PBXNativeTarget;
			buildConfigurationList = 65FF25DC66F76E9BB446F032 /* Build configuration list for PBXNativeTarget "Impulse" */;
			buildPhases = (
				FE38D1FEBF2D30BA1D3995A6 /* Sources */,
				FEB0487BD8ABDAC51A2CE67A /* Resources */,
			);
			buildRules = (
			);
			dependencies = (
			);
			name = Impulse;
			packageProductDependencies = (
			);
			productName = Impulse;
			productReference = 431F41D88A558789D2C0B2A0 /* Impulse.app */;
			productType = "com.apple.product-type.application";
		};
/* End PBXNativeTarget section */

/* Begin PBXProject section */
		6280DE732DAFC5BF8CE75687 /* Project object */ = {
			isa = PBXProject;
			attributes = {
				BuildIndependentTargetsInParallel = YES;
				LastUpgradeCheck = 1500;
				TargetAttributes = {
				};
			};
			buildConfigurationList = D6AAAA4C6B9257102445D750 /* Build configuration list for PBXProject "Impulse" */;
			developmentRegion = en;
			hasScannedForEncodings = 0;
			knownRegions = (
				Base,
				en,
				es,
				fr,
				ja,
				ru,
				zh,
			);
			mainGroup = F9BDC164E6CEBC5B62DD456F;
			minimizedProjectReferenceProxies = 1;
			preferredProjectObjectVersion = 77;
			productRefGroup = D40AEB032A75ADDE88D0DCD4 /* Products */;
			projectDirPath = "";
			projectRoot = "";
			targets = (
				B029E5C098AE6F9D7DAA7C5C /* Impulse */,
				81144E5F8BAB484AFEC3DA90 /* ImpulseTests */,
			);
		};
/* End PBXProject section */

/* Begin PBXResourcesBuildPhase section */
		5EDE8414EFDEDD761FEDC840 /* Resources */ = {
			isa = PBXResourcesBuildPhase;
			buildActionMask = 2147483647;
			files = (
				549A7FF4C2E2CDBA0BC33359 /* StoreBackupManagerTests.swift.bak in Resources */,
			);
			runOnlyForDeploymentPostprocessing = 0;
		};
		FEB0487BD8ABDAC51A2CE67A /* Resources */ = {
			isa = PBXResourcesBuildPhase;
			buildActionMask = 2147483647;
			files = (
				8BFC8084528A811F3D36FFB2 /* AppIcon.icon in Resources */,
				C12768CFF6FCEE3DF4A3AC8E /* Assets.xcassets in Resources */,
				4CBCDB151EB061404B109928 /* InfoPlist.strings in Resources */,
				445CD0EC34D7B27F9ECA9EF3 /* Localizable.strings in Resources */,
				8F3F1ADE6269F43BD912FD9F /* skills in Resources */,
			);
			runOnlyForDeploymentPostprocessing = 0;
		};
/* End PBXResourcesBuildPhase section */

/* Begin PBXSourcesBuildPhase section */
		9FA27405910AC6E35435C59F /* Sources */ = {
			isa = PBXSourcesBuildPhase;
			buildActionMask = 2147483647;
			files = (
				AD68DDC421476714E9AE8602 /* EmailOTPValidationTests.swift in Sources */,
				5F4A2EC143FDC8F8A6EFDD02 /* OTPInputProcessorTests.swift in Sources */,
				625B85CC824A13B3D78D8FD2 /* StoreBackupManagerTests.swift in Sources */,
				9913E6EDC9A85A54AF56E9CE /* StoredEntitiesTests.swift in Sources */,
				E6C5825211C250DA0D799831 /* UserAlertCenterTests.swift in Sources */,
			);
			runOnlyForDeploymentPostprocessing = 0;
		};
		FE38D1FEBF2D30BA1D3995A6 /* Sources */ = {
			isa = PBXSourcesBuildPhase;
			buildActionMask = 2147483647;
			files = (
				8FA9B0F327470BDFB1784E8B /* AppLanguage.swift in Sources */,
				E98C47E7DE6001F7AF35C652 /* AppLog.swift in Sources */,
				D453F4BDED3F37247BD61316 /* AuthKeychainStore.swift in Sources */,
				776E06FCDEB134676BE09CEB /* AuthSession.swift in Sources */,
				416F552C98547BD03AC35694 /* AuthTokenSet.swift in Sources */,
				55FE5C7F09CD14FF93C2B6CF /* AuthUser.swift in Sources */,
				A26A665BED442AEDE2A449BC /* ContentView.swift in Sources */,
				00C329194F6CA7F8190F389B /* DiagnosticsSettingsView.swift in Sources */,
				D548BAAD8E7E465103F2663B /* EmailInputField.swift in Sources */,
				3336775FA33A47E7CD854FDC /* EmailOTPClient.swift in Sources */,
				E0BF74DD6E11408E211A078D /* GeneralSettingsView.swift in Sources */,
				711A30B0960AAE30872339F0 /* GeneralSettingsViewModel.swift in Sources */,
				7D59B8C47D4E9DCD7C6EF487 /* ImpulseApp.swift in Sources */,
				BF8292A58FE863EB7475606C /* Item.swift in Sources */,
				0AA8578C37652EB9D4051452 /* KanbanController.swift in Sources */,
				B30AA335FBF174A283E5747F /* KanbanPanelView.swift in Sources */,
				175D57594E0C4CF2B311FDF8 /* OAuthWebAuthenticator.swift in Sources */,
				22DB0E0F8449935156D540DD /* OTPInputView.swift in Sources */,
				7E43862854B90BA60080F02B /* OpenAuthClient.swift in Sources */,
				A44049E0BE23B05E177D04C0 /* SchemaVersion.swift in Sources */,
				D5DEE946E03AC3012CFF5F36 /* SettingsCard.swift in Sources */,
				44C6A7B310A0A88509557A32 /* SettingsContainerView.swift in Sources */,
				9CDC5A09F18112376E8160DA /* StoreBackupManager.swift in Sources */,
				D12B1E18BB0DA23B08013748 /* StoredKanbanTask.swift in Sources */,
				FCA485E8BEC0379DA50975B7 /* StringExtensions.swift in Sources */,
				4FC9E760428D188AFAE9696F /* URLExtensions.swift in Sources */,
				D3A504D37DD8BEE60F966DA3 /* UserAccountPopover.swift in Sources */,
				196685E351C0DA19DF8E2D66 /* UserAlertBanner.swift in Sources */,
				60DB3B4886570C0EC3977B67 /* UserAlertCenter.swift in Sources */,
			);
			runOnlyForDeploymentPostprocessing = 0;
		};
/* End PBXSourcesBuildPhase section */

/* Begin PBXTargetDependency section */
		693355DECCB4F5781DC63F99 /* PBXTargetDependency */ = {
			isa = PBXTargetDependency;
			target = B029E5C098AE6F9D7DAA7C5C /* Impulse */;
			targetProxy = F617619DC49574941CE920F5 /* PBXContainerItemProxy */;
		};
/* End PBXTargetDependency section */

/* Begin PBXVariantGroup section */
		837A800EC07E8C84F6702F98 /* Localizable.strings */ = {
			isa = PBXVariantGroup;
			children = (
				C60D199978760A260416B1CA /* en */,
				A814C12C6A761FD710D56718 /* es */,
				34FCDE7605F82FA9A4A5820A /* fr */,
				641FD7736C28866239E8FD95 /* ja */,
				F5E7A71454F33A0B3D97F492 /* ru */,
				69A650C0ABE39E401941835F /* zh */,
			);
			name = Localizable.strings;
			sourceTree = "<group>";
		};
		CDC16F01DF94F104697A5DA4 /* InfoPlist.strings */ = {
			isa = PBXVariantGroup;
			children = (
				4213BCD170CB1B402D1CF4DB /* en */,
				65C302713F29DE1FC022AE86 /* es */,
				464A3DF1528F83EBCD3E32E0 /* fr */,
				4B8B10720E43EF4A2D721499 /* ja */,
				526C6374E6C8D3D1F94133CC /* ru */,
				62E89B50E4670FD44E9C3F60 /* zh */,
			);
			name = InfoPlist.strings;
			sourceTree = "<group>";
		};
/* End PBXVariantGroup section */

/* Begin XCBuildConfiguration section */
		05DC26BA76280333BA6E6F6A /* Debug */ = {
			isa = XCBuildConfiguration;
			buildSettings = {
				ALWAYS_SEARCH_USER_PATHS = NO;
				CLANG_ANALYZER_NONNULL = YES;
				CLANG_ANALYZER_NUMBER_OBJECT_CONVERSION = YES_AGGRESSIVE;
				CLANG_CXX_LANGUAGE_STANDARD = "gnu++14";
				CLANG_CXX_LIBRARY = "libc++";
				CLANG_ENABLE_MODULES = YES;
				CLANG_ENABLE_OBJC_ARC = YES;
				CLANG_ENABLE_OBJC_WEAK = YES;
				CLANG_WARN_BLOCK_CAPTURE_AUTORELEASING = YES;
				CLANG_WARN_BOOL_CONVERSION = YES;
				CLANG_WARN_COMMA = YES;
				CLANG_WARN_CONSTANT_CONVERSION = YES;
				CLANG_WARN_DEPRECATED_OBJC_IMPLEMENTATIONS = YES;
				CLANG_WARN_DIRECT_OBJC_ISA_USAGE = YES_ERROR;
				CLANG_WARN_DOCUMENTATION_COMMENTS = YES;
				CLANG_WARN_EMPTY_BODY = YES;
				CLANG_WARN_ENUM_CONVERSION = YES;
				CLANG_WARN_INFINITE_RECURSION = YES;
				CLANG_WARN_INT_CONVERSION = YES;
				CLANG_WARN_NON_LITERAL_NULL_CONVERSION = YES;
				CLANG_WARN_OBJC_IMPLICIT_RETAIN_SELF = YES;
				CLANG_WARN_OBJC_LITERAL_CONVERSION = YES;
				CLANG_WARN_OBJC_ROOT_CLASS = YES_ERROR;
				CLANG_WARN_QUOTED_INCLUDE_IN_FRAMEWORK_HEADER = YES;
				CLANG_WARN_RANGE_LOOP_ANALYSIS = YES;
				CLANG_WARN_STRICT_PROTOTYPES = YES;
				CLANG_WARN_SUSPICIOUS_MOVE = YES;
				CLANG_WARN_UNGUARDED_AVAILABILITY = YES_AGGRESSIVE;
				CLANG_WARN_UNREACHABLE_CODE = YES;
				CLANG_WARN__DUPLICATE_METHOD_MATCH = YES;
				CODE_SIGN_IDENTITY = "-";
				CODE_SIGN_STYLE = Manual;
				COPY_PHASE_STRIP = NO;
				DEBUG_INFORMATION_FORMAT = dwarf;
				DEVELOPMENT_TEAM = "";
				ENABLE_HARDENED_RUNTIME = YES;
				ENABLE_STRICT_OBJC_MSGSEND = YES;
				ENABLE_TESTABILITY = YES;
				GCC_C_LANGUAGE_STANDARD = gnu11;
				GCC_DYNAMIC_NO_PIC = NO;
				GCC_NO_COMMON_BLOCKS = YES;
				GCC_OPTIMIZATION_LEVEL = 0;
				GCC_PREPROCESSOR_DEFINITIONS = (
					"$(inherited)",
					"DEBUG=1",
				);
				GCC_WARN_64_TO_32_BIT_CONVERSION = YES;
				GCC_WARN_ABOUT_RETURN_TYPE = YES_ERROR;
				GCC_WARN_UNDECLARED_SELECTOR = YES;
				GCC_WARN_UNINITIALIZED_AUTOS = YES_AGGRESSIVE;
				GCC_WARN_UNUSED_FUNCTION = YES;
				GCC_WARN_UNUSED_VARIABLE = YES;
				MACOSX_DEPLOYMENT_TARGET = 14.0;
				MTL_ENABLE_DEBUG_INFO = INCLUDE_SOURCE;
				MTL_FAST_MATH = YES;
				ONLY_ACTIVE_ARCH = YES;
				PRODUCT_NAME = "$(TARGET_NAME)";
				PROVISIONING_PROFILE_SPECIFIER = "";
				SDKROOT = macosx;
				SWIFT_ACTIVE_COMPILATION_CONDITIONS = DEBUG;
				SWIFT_OPTIMIZATION_LEVEL = "-Onone";
				SWIFT_VERSION = 5.9;
			};
			name = Debug;
		};
		52FAE88D5B45AF1E6E93C4CE /* Release */ = {
			isa = XCBuildConfiguration;
			buildSettings = {
				BUNDLE_LOADER = "$(TEST_HOST)";
				COMBINE_HIDPI_IMAGES = YES;
				GENERATE_INFOPLIST_FILE = YES;
				LD_RUNPATH_SEARCH_PATHS = (
					"$(inherited)",
					"@executable_path/../Frameworks",
					"@loader_path/../Frameworks",
				);
				PRODUCT_BUNDLE_IDENTIFIER = com.section9lab.ImpulseTests;
				SDKROOT = macosx;
				TEST_HOST = "$(BUILT_PRODUCTS_DIR)/Impulse.app/Contents/MacOS/Impulse";
			};
			name = Release;
		};
		7914F679C806B0B677FBB74B /* Release */ = {
			isa = XCBuildConfiguration;
			buildSettings = {
				ALWAYS_SEARCH_USER_PATHS = NO;
				CLANG_ANALYZER_NONNULL = YES;
				CLANG_ANALYZER_NUMBER_OBJECT_CONVERSION = YES_AGGRESSIVE;
				CLANG_CXX_LANGUAGE_STANDARD = "gnu++14";
				CLANG_CXX_LIBRARY = "libc++";
				CLANG_ENABLE_MODULES = YES;
				CLANG_ENABLE_OBJC_ARC = YES;
				CLANG_ENABLE_OBJC_WEAK = YES;
				CLANG_WARN_BLOCK_CAPTURE_AUTORELEASING = YES;
				CLANG_WARN_BOOL_CONVERSION = YES;
				CLANG_WARN_COMMA = YES;
				CLANG_WARN_CONSTANT_CONVERSION = YES;
				CLANG_WARN_DEPRECATED_OBJC_IMPLEMENTATIONS = YES;
				CLANG_WARN_DIRECT_OBJC_ISA_USAGE = YES_ERROR;
				CLANG_WARN_DOCUMENTATION_COMMENTS = YES;
				CLANG_WARN_EMPTY_BODY = YES;
				CLANG_WARN_ENUM_CONVERSION = YES;
				CLANG_WARN_INFINITE_RECURSION = YES;
				CLANG_WARN_INT_CONVERSION = YES;
				CLANG_WARN_NON_LITERAL_NULL_CONVERSION = YES;
				CLANG_WARN_OBJC_IMPLICIT_RETAIN_SELF = YES;
				CLANG_WARN_OBJC_LITERAL_CONVERSION = YES;
				CLANG_WARN_OBJC_ROOT_CLASS = YES_ERROR;
				CLANG_WARN_QUOTED_INCLUDE_IN_FRAMEWORK_HEADER = YES;
				CLANG_WARN_RANGE_LOOP_ANALYSIS = YES;
				CLANG_WARN_STRICT_PROTOTYPES = YES;
				CLANG_WARN_SUSPICIOUS_MOVE = YES;
				CLANG_WARN_UNGUARDED_AVAILABILITY = YES_AGGRESSIVE;
				CLANG_WARN_UNREACHABLE_CODE = YES;
				CLANG_WARN__DUPLICATE_METHOD_MATCH = YES;
				CODE_SIGN_STYLE = Automatic;
				COPY_PHASE_STRIP = NO;
				DEBUG_INFORMATION_FORMAT = "dwarf-with-dsym";
				DEVELOPMENT_TEAM = 6BWZP56JX9;
				ENABLE_HARDENED_RUNTIME = YES;
				ENABLE_NS_ASSERTIONS = NO;
				ENABLE_STRICT_OBJC_MSGSEND = YES;
				GCC_C_LANGUAGE_STANDARD = gnu11;
				GCC_NO_COMMON_BLOCKS = YES;
				GCC_WARN_64_TO_32_BIT_CONVERSION = YES;
				GCC_WARN_ABOUT_RETURN_TYPE = YES_ERROR;
				GCC_WARN_UNDECLARED_SELECTOR = YES;
				GCC_WARN_UNINITIALIZED_AUTOS = YES_AGGRESSIVE;
				GCC_WARN_UNUSED_FUNCTION = YES;
				GCC_WARN_UNUSED_VARIABLE = YES;
				MACOSX_DEPLOYMENT_TARGET = 14.0;
				MTL_ENABLE_DEBUG_INFO = NO;
				MTL_FAST_MATH = YES;
				PRODUCT_NAME = "$(TARGET_NAME)";
				SDKROOT = macosx;
				SWIFT_COMPILATION_MODE = wholemodule;
				SWIFT_OPTIMIZATION_LEVEL = "-O";
				SWIFT_VERSION = 5.9;
			};
			name = Release;
		};
		7B5C8DBF941B509968DE539B /* Release */ = {
			isa = XCBuildConfiguration;
			buildSettings = {
				ASSETCATALOG_COMPILER_APPICON_NAME = AppIcon;
				CODE_SIGN_ENTITLEMENTS = Impulse/Resources/Impulse.entitlements;
				CODE_SIGN_STYLE = Automatic;
				COMBINE_HIDPI_IMAGES = YES;
				DEVELOPMENT_TEAM = 6BWZP56JX9;
				INFOPLIST_FILE = Impulse/Resources/Info.plist;
				LD_RUNPATH_SEARCH_PATHS = (
					"$(inherited)",
					"@executable_path/../Frameworks",
				);
				PRODUCT_BUNDLE_IDENTIFIER = com.section9lab.Impulse;
				SDKROOT = macosx;
			};
			name = Release;
		};
		BDE39DB53D0E5B33CF614A27 /* Debug */ = {
			isa = XCBuildConfiguration;
			buildSettings = {
				ASSETCATALOG_COMPILER_APPICON_NAME = AppIcon;
				CODE_SIGN_ENTITLEMENTS = Impulse/Resources/Impulse.entitlements;
				CODE_SIGN_IDENTITY = "-";
				CODE_SIGN_STYLE = Manual;
				COMBINE_HIDPI_IMAGES = YES;
				DEVELOPMENT_TEAM = "";
				INFOPLIST_FILE = Impulse/Resources/Info.plist;
				LD_RUNPATH_SEARCH_PATHS = (
					"$(inherited)",
					"@executable_path/../Frameworks",
				);
				PRODUCT_BUNDLE_IDENTIFIER = com.section9lab.Impulse;
				PROVISIONING_PROFILE_SPECIFIER = "";
				SDKROOT = macosx;
			};
			name = Debug;
		};
		C06ED4302AA11DE4F5F18054 /* Debug */ = {
			isa = XCBuildConfiguration;
			buildSettings = {
				BUNDLE_LOADER = "$(TEST_HOST)";
				COMBINE_HIDPI_IMAGES = YES;
				GENERATE_INFOPLIST_FILE = YES;
				LD_RUNPATH_SEARCH_PATHS = (
					"$(inherited)",
					"@executable_path/../Frameworks",
					"@loader_path/../Frameworks",
				);
				PRODUCT_BUNDLE_IDENTIFIER = com.section9lab.ImpulseTests;
				SDKROOT = macosx;
				TEST_HOST = "$(BUILT_PRODUCTS_DIR)/Impulse.app/Contents/MacOS/Impulse";
			};
			name = Debug;
		};
/* End XCBuildConfiguration section */

/* Begin XCConfigurationList section */
		65FF25DC66F76E9BB446F032 /* Build configuration list for PBXNativeTarget "Impulse" */ = {
			isa = XCConfigurationList;
			buildConfigurations = (
				BDE39DB53D0E5B33CF614A27 /* Debug */,
				7B5C8DBF941B509968DE539B /* Release */,
			);
			defaultConfigurationIsVisible = 0;
			defaultConfigurationName = Debug;
		};
		BD0746B8792504B899C4E0F0 /* Build configuration list for PBXNativeTarget "ImpulseTests" */ = {
			isa = XCConfigurationList;
			buildConfigurations = (
				C06ED4302AA11DE4F5F18054 /* Debug */,
				52FAE88D5B45AF1E6E93C4CE /* Release */,
			);
			defaultConfigurationIsVisible = 0;
			defaultConfigurationName = Debug;
		};
		D6AAAA4C6B9257102445D750 /* Build configuration list for PBXProject "Impulse" */ = {
			isa = XCConfigurationList;
			buildConfigurations = (
				05DC26BA76280333BA6E6F6A /* Debug */,
				7914F679C806B0B677FBB74B /* Release */,
			);
			defaultConfigurationIsVisible = 0;
			defaultConfigurationName = Debug;
		};
/* End XCConfigurationList section */
	};
	rootObject = 6280DE732DAFC5BF8CE75687 /* Project object */;
}
