// !$*UTF8*$!
{
	archiveVersion = 1;
	classes = {
	};
	objectVersion = 77;
	objects = {

/* Begin PBXBuildFile section */
		08794DC01D423A1AFB4782A5 /* PersistedToolExecution.swift in Sources */ = {isa = PBXBuildFile; fileRef = DA20B2F1CAE913E4AAB65248 /* PersistedToolExecution.swift */; };
		0EC3EF736BAE2062A2FFD9CB /* OCRCaptureOrchestrator.swift in Sources */ = {isa = PBXBuildFile; fileRef = 1551F3E20889B3DBC5F6B768 /* OCRCaptureOrchestrator.swift */; };
		12EBA742ADB66D4F010BAF97 /* VisionOCRService.swift in Sources */ = {isa = PBXBuildFile; fileRef = 4D8CAEC4FA3854B1F8556325 /* VisionOCRService.swift */; };
		175D57594E0C4CF2B311FDF8 /* OAuthWebAuthenticator.swift in Sources */ = {isa = PBXBuildFile; fileRef = 38F32252C936ECDF875573B5 /* OAuthWebAuthenticator.swift */; };
		1EA9E668B5188F5008B924DD /* ChatProject.swift in Sources */ = {isa = PBXBuildFile; fileRef = 64247326BC5C5784335C0723 /* ChatProject.swift */; };
		235CCFD1484C077876AE5A2C /* IdleWatcher.swift in Sources */ = {isa = PBXBuildFile; fileRef = FCB6BDEB6ABD8EE45D9AB8F3 /* IdleWatcher.swift */; };
		29DED66199F75D9D34AF45DF /* ToolApprovalCenter.swift in Sources */ = {isa = PBXBuildFile; fileRef = C97700E655244693778F032B /* ToolApprovalCenter.swift */; };
		3626F0C00C9BFD1B27A20106 /* SandboxAccessManager.swift in Sources */ = {isa = PBXBuildFile; fileRef = 2B6DAED73C11A505EA95DF0F /* SandboxAccessManager.swift */; };
		3A96CDE50815AF91C038D27D /* SandboxSettingsViewModel.swift in Sources */ = {isa = PBXBuildFile; fileRef = 291BE9E4DDC2A1749CC56955 /* SandboxSettingsViewModel.swift */; };
		3C9AA99067416EF9F04FFEC8 /* ModelSettingsView.swift in Sources */ = {isa = PBXBuildFile; fileRef = 086ED72175BEC635EB63FFDF /* ModelSettingsView.swift */; };
		416F552C98547BD03AC35694 /* AuthTokenSet.swift in Sources */ = {isa = PBXBuildFile; fileRef = 3C7DDE5118F3208B50B6FFAA /* AuthTokenSet.swift */; };
		445CD0EC34D7B27F9ECA9EF3 /* Localizable.strings in Resources */ = {isa = PBXBuildFile; fileRef = 837A800EC07E8C84F6702F98 /* Localizable.strings */; };
		44C6A7B310A0A88509557A32 /* SettingsContainerView.swift in Sources */ = {isa = PBXBuildFile; fileRef = 958EDF92C0FA269A39255C7F /* SettingsContainerView.swift */; };
		48750828927776E11C3A98E8 /* AgentResponseView.swift in Sources */ = {isa = PBXBuildFile; fileRef = 0BCFC7AD047F5D82FE009141 /* AgentResponseView.swift */; };
		4C6BB760E048146F5846E5D3 /* InputBar.swift in Sources */ = {isa = PBXBuildFile; fileRef = CD6375D7FBA6DD076A6A3377 /* InputBar.swift */; };
		4CBCDB151EB061404B109928 /* InfoPlist.strings in Resources */ = {isa = PBXBuildFile; fileRef = CDC16F01DF94F104697A5DA4 /* InfoPlist.strings */; };
		4FC9E760428D188AFAE9696F /* URLExtensions.swift in Sources */ = {isa = PBXBuildFile; fileRef = 91DE16007E173A645326756C /* URLExtensions.swift */; };
		55FE5C7F09CD14FF93C2B6CF /* AuthUser.swift in Sources */ = {isa = PBXBuildFile; fileRef = A7660C20FF64367728A0540F /* AuthUser.swift */; };
		6DB9D2C0B26E630314255C47 /* KanbanTaskSnapshot.swift in Sources */ = {isa = PBXBuildFile; fileRef = 648A8BCF61CE479983D628BB /* KanbanTaskSnapshot.swift */; };
		6E9AAA67BB55EA65BC671D9B /* ScreenCaptureService.swift in Sources */ = {isa = PBXBuildFile; fileRef = B288284061B4AD954D17FDCC /* ScreenCaptureService.swift */; };
		7006778D587A76452F2A988D /* SpeechRecognitionManager.swift in Sources */ = {isa = PBXBuildFile; fileRef = 8BE769B83FCCDD886C22339D /* SpeechRecognitionManager.swift */; };
		711A30B0960AAE30872339F0 /* GeneralSettingsViewModel.swift in Sources */ = {isa = PBXBuildFile; fileRef = 3D28B24DC1456B9B55EA8FA3 /* GeneralSettingsViewModel.swift */; };
		7324770CE6EA60872BC744DE /* ChatViewModel.swift in Sources */ = {isa = PBXBuildFile; fileRef = A75CC406A68DDB52B607A2A7 /* ChatViewModel.swift */; };
		776E06FCDEB134676BE09CEB /* AuthSession.swift in Sources */ = {isa = PBXBuildFile; fileRef = 93E32F59AD160EE9D6AEE48C /* AuthSession.swift */; };
		7D59B8C47D4E9DCD7C6EF487 /* ImpulseApp.swift in Sources */ = {isa = PBXBuildFile; fileRef = 71EEE76C7792691B5965C458 /* ImpulseApp.swift */; };
		7E43862854B90BA60080F02B /* OpenAuthClient.swift in Sources */ = {isa = PBXBuildFile; fileRef = AB90E3CBE79E1E4BEF6E8E72 /* OpenAuthClient.swift */; };
		8BFC8084528A811F3D36FFB2 /* AppIcon.icon in Resources */ = {isa = PBXBuildFile; fileRef = 884E7F7B3BE443D1E0CB9C0C /* AppIcon.icon */; };
		8DC59A42FA8673ECFF9C9038 /* ScreenCapturePermissionManager.swift in Sources */ = {isa = PBXBuildFile; fileRef = E809CF2E4297D75E66EDF96A /* ScreenCapturePermissionManager.swift */; };
		8F7BDA94EDAED7B82B8E39E7 /* AgentServiceConfig.swift in Sources */ = {isa = PBXBuildFile; fileRef = F6C2B09CB8FA5E27588EB5B6 /* AgentServiceConfig.swift */; };
		8FA9B0F327470BDFB1784E8B /* AppLanguage.swift in Sources */ = {isa = PBXBuildFile; fileRef = AFFC0295787AAA6027849FB3 /* AppLanguage.swift */; };
		91D523CAD87F6F9C2F327E81 /* ChatHistoryService.swift in Sources */ = {isa = PBXBuildFile; fileRef = D5B889839A7C3E44C188C921 /* ChatHistoryService.swift */; };
		99452EE84EFBBD573B70C894 /* ChatSidebarView.swift in Sources */ = {isa = PBXBuildFile; fileRef = F1AEB96E3791CA1A5C5EAD8B /* ChatSidebarView.swift */; };
		9C094CA10913C78B56FB1151 /* UserAccountPopover.swift in Sources */ = {isa = PBXBuildFile; fileRef = 37E15902F425AF0C6AEDE511 /* UserAccountPopover.swift */; };
		9C21B3687DCEF54449EEED80 /* ModelSettingsViewModel.swift in Sources */ = {isa = PBXBuildFile; fileRef = 97B85A83BCFE7F1DC2FE8FED /* ModelSettingsViewModel.swift */; };
		9E94FE0AD1BF1C9CBC116944 /* ModelRegistry.swift in Sources */ = {isa = PBXBuildFile; fileRef = F8FCFBBF50D5F18CAE30FA85 /* ModelRegistry.swift */; };
		A26A665BED442AEDE2A449BC /* ContentView.swift in Sources */ = {isa = PBXBuildFile; fileRef = 3E6E7DCCFF9994694025CFF7 /* ContentView.swift */; };
		B30AA335FBF174A283E5747F /* KanbanPanelView.swift in Sources */ = {isa = PBXBuildFile; fileRef = F29763011DDEF85183EC3062 /* KanbanPanelView.swift */; };
		B5F5E4260E54E9BFD8EE552E /* ProjectSessionSnapshot.swift in Sources */ = {isa = PBXBuildFile; fileRef = 02F8BE20777B0EF7424C9DB5 /* ProjectSessionSnapshot.swift */; };
		BD5B88FD8D385C0643E21893 /* AgentSessionStore.swift in Sources */ = {isa = PBXBuildFile; fileRef = 250A868C643CDB8A72D5132F /* AgentSessionStore.swift */; };
		BF8292A58FE863EB7475606C /* Item.swift in Sources */ = {isa = PBXBuildFile; fileRef = 93A8786A07FC8532AD97F1B2 /* Item.swift */; };
		C12768CFF6FCEE3DF4A3AC8E /* Assets.xcassets in Resources */ = {isa = PBXBuildFile; fileRef = 0ECDAD2E483F60E9F9174DAD /* Assets.xcassets */; };
		CCA56E09AD7170C198A66F45 /* SandboxSettingsView.swift in Sources */ = {isa = PBXBuildFile; fileRef = 7554DA561703704C0C56176E /* SandboxSettingsView.swift */; };
		D0D28C43869DEE2884B06304 /* OllamaModel.swift in Sources */ = {isa = PBXBuildFile; fileRef = BBC8C4CA0F14FCCFBD16489C /* OllamaModel.swift */; };
		D15DE17EFEC6B5E9F47EFAF2 /* AgentToolExecution.swift in Sources */ = {isa = PBXBuildFile; fileRef = C8D497B5A52DE48C771D8561 /* AgentToolExecution.swift */; };
		D453F4BDED3F37247BD61316 /* AuthKeychainStore.swift in Sources */ = {isa = PBXBuildFile; fileRef = A9F3CE2D05258B9C725B3A0B /* AuthKeychainStore.swift */; };
		D5DEE946E03AC3012CFF5F36 /* SettingsCard.swift in Sources */ = {isa = PBXBuildFile; fileRef = 0844CA40D56F874715F3E816 /* SettingsCard.swift */; };
		D82DE53499D07BED90345EF6 /* ModelProviderConfigView.swift in Sources */ = {isa = PBXBuildFile; fileRef = E8D20BF85185F315C708CC56 /* ModelProviderConfigView.swift */; };
		DBF506CF5288F662950F1795 /* SwiftCodingAgent in Frameworks */ = {isa = PBXBuildFile; productRef = EE576E14ED8C835AD3FC5CBC /* SwiftCodingAgent */; };
		DDE9DCEF8BCA57A6D4C7246A /* ProviderCatalog.swift in Sources */ = {isa = PBXBuildFile; fileRef = CD748639B321EBBA22D27C94 /* ProviderCatalog.swift */; };
		E0BF74DD6E11408E211A078D /* GeneralSettingsView.swift in Sources */ = {isa = PBXBuildFile; fileRef = 8204F7D3B23090EE996398D6 /* GeneralSettingsView.swift */; };
		E75DE81725552E5FBABF40C9 /* AgentManager.swift in Sources */ = {isa = PBXBuildFile; fileRef = 4B372A66861EA9DC728FC9F0 /* AgentManager.swift */; };
		EC0EF218A734E6597DEB5A6C /* OCRManager.swift in Sources */ = {isa = PBXBuildFile; fileRef = B634BD2B1F5522A71D8E81FF /* OCRManager.swift */; };
		F9597270FC4C8BC42CE3714A /* ChatMessageViews.swift in Sources */ = {isa = PBXBuildFile; fileRef = A268FB0490CB9E8E165D0A5B /* ChatMessageViews.swift */; };
		FCA485E8BEC0379DA50975B7 /* StringExtensions.swift in Sources */ = {isa = PBXBuildFile; fileRef = D52C4C76BC3984411D92BE76 /* StringExtensions.swift */; };
		FE7FA49541C915E2B9BB283B /* MarkdownUI in Frameworks */ = {isa = PBXBuildFile; productRef = 68EF85DE09245D51EA357FF4 /* MarkdownUI */; };
/* End PBXBuildFile section */

/* Begin PBXFileReference section */
		02F8BE20777B0EF7424C9DB5 /* ProjectSessionSnapshot.swift */ = {isa = PBXFileReference; lastKnownFileType = sourcecode.swift; path = ProjectSessionSnapshot.swift; sourceTree = "<group>"; };
		0844CA40D56F874715F3E816 /* SettingsCard.swift */ = {isa = PBXFileReference; lastKnownFileType = sourcecode.swift; path = SettingsCard.swift; sourceTree = "<group>"; };
		086ED72175BEC635EB63FFDF /* ModelSettingsView.swift */ = {isa = PBXFileReference; lastKnownFileType = sourcecode.swift; path = ModelSettingsView.swift; sourceTree = "<group>"; };
		0BCFC7AD047F5D82FE009141 /* AgentResponseView.swift */ = {isa = PBXFileReference; lastKnownFileType = sourcecode.swift; path = AgentResponseView.swift; sourceTree = "<group>"; };
		0ECDAD2E483F60E9F9174DAD /* Assets.xcassets */ = {isa = PBXFileReference; lastKnownFileType = folder.assetcatalog; path = Assets.xcassets; sourceTree = "<group>"; };
		11F977371C031EF11D297653 /* SwiftCodingAgent */ = {isa = PBXFileReference; lastKnownFileType = folder; name = SwiftCodingAgent; path = ../SwiftCodingAgent; sourceTree = SOURCE_ROOT; };
		1551F3E20889B3DBC5F6B768 /* OCRCaptureOrchestrator.swift */ = {isa = PBXFileReference; lastKnownFileType = sourcecode.swift; path = OCRCaptureOrchestrator.swift; sourceTree = "<group>"; };
		250A868C643CDB8A72D5132F /* AgentSessionStore.swift */ = {isa = PBXFileReference; lastKnownFileType = sourcecode.swift; path = AgentSessionStore.swift; sourceTree = "<group>"; };
		291BE9E4DDC2A1749CC56955 /* SandboxSettingsViewModel.swift */ = {isa = PBXFileReference; lastKnownFileType = sourcecode.swift; path = SandboxSettingsViewModel.swift; sourceTree = "<group>"; };
		2B6DAED73C11A505EA95DF0F /* SandboxAccessManager.swift */ = {isa = PBXFileReference; lastKnownFileType = sourcecode.swift; path = SandboxAccessManager.swift; sourceTree = "<group>"; };
		34FCDE7605F82FA9A4A5820A /* fr */ = {isa = PBXFileReference; lastKnownFileType = text.plist.strings; name = fr; path = fr.lproj/Localizable.strings; sourceTree = "<group>"; };
		37E15902F425AF0C6AEDE511 /* UserAccountPopover.swift */ = {isa = PBXFileReference; lastKnownFileType = sourcecode.swift; path = UserAccountPopover.swift; sourceTree = "<group>"; };
		38F32252C936ECDF875573B5 /* OAuthWebAuthenticator.swift */ = {isa = PBXFileReference; lastKnownFileType = sourcecode.swift; path = OAuthWebAuthenticator.swift; sourceTree = "<group>"; };
		3C7DDE5118F3208B50B6FFAA /* AuthTokenSet.swift */ = {isa = PBXFileReference; lastKnownFileType = sourcecode.swift; path = AuthTokenSet.swift; sourceTree = "<group>"; };
		3D28B24DC1456B9B55EA8FA3 /* GeneralSettingsViewModel.swift */ = {isa = PBXFileReference; lastKnownFileType = sourcecode.swift; path = GeneralSettingsViewModel.swift; sourceTree = "<group>"; };
		3E6E7DCCFF9994694025CFF7 /* ContentView.swift */ = {isa = PBXFileReference; lastKnownFileType = sourcecode.swift; path = ContentView.swift; sourceTree = "<group>"; };
		4213BCD170CB1B402D1CF4DB /* en */ = {isa = PBXFileReference; lastKnownFileType = text.plist.strings; name = en; path = en.lproj/InfoPlist.strings; sourceTree = "<group>"; };
		431F41D88A558789D2C0B2A0 /* Impulse.app */ = {isa = PBXFileReference; explicitFileType = wrapper.application; includeInIndex = 0; path = Impulse.app; sourceTree = BUILT_PRODUCTS_DIR; };
		464A3DF1528F83EBCD3E32E0 /* fr */ = {isa = PBXFileReference; lastKnownFileType = text.plist.strings; name = fr; path = fr.lproj/InfoPlist.strings; sourceTree = "<group>"; };
		4B372A66861EA9DC728FC9F0 /* AgentManager.swift */ = {isa = PBXFileReference; lastKnownFileType = sourcecode.swift; path = AgentManager.swift; sourceTree = "<group>"; };
		4B8B10720E43EF4A2D721499 /* ja */ = {isa = PBXFileReference; lastKnownFileType = text.plist.strings; name = ja; path = ja.lproj/InfoPlist.strings; sourceTree = "<group>"; };
		4D8CAEC4FA3854B1F8556325 /* VisionOCRService.swift */ = {isa = PBXFileReference; lastKnownFileType = sourcecode.swift; path = VisionOCRService.swift; sourceTree = "<group>"; };
		526C6374E6C8D3D1F94133CC /* ru */ = {isa = PBXFileReference; lastKnownFileType = text.plist.strings; name = ru; path = ru.lproj/InfoPlist.strings; sourceTree = "<group>"; };
		58F2C65119291BEDEA4E8564 /* Impulse.entitlements */ = {isa = PBXFileReference; lastKnownFileType = text.plist.entitlements; path = Impulse.entitlements; sourceTree = "<group>"; };
		62E89B50E4670FD44E9C3F60 /* zh */ = {isa = PBXFileReference; lastKnownFileType = text.plist.strings; name = zh; path = zh.lproj/InfoPlist.strings; sourceTree = "<group>"; };
		641FD7736C28866239E8FD95 /* ja */ = {isa = PBXFileReference; lastKnownFileType = text.plist.strings; name = ja; path = ja.lproj/Localizable.strings; sourceTree = "<group>"; };
		64247326BC5C5784335C0723 /* ChatProject.swift */ = {isa = PBXFileReference; lastKnownFileType = sourcecode.swift; path = ChatProject.swift; sourceTree = "<group>"; };
		648A8BCF61CE479983D628BB /* KanbanTaskSnapshot.swift */ = {isa = PBXFileReference; lastKnownFileType = sourcecode.swift; path = KanbanTaskSnapshot.swift; sourceTree = "<group>"; };
		65C302713F29DE1FC022AE86 /* es */ = {isa = PBXFileReference; lastKnownFileType = text.plist.strings; name = es; path = es.lproj/InfoPlist.strings; sourceTree = "<group>"; };
		67838BE235C7885D78EFB907 /* Info.plist */ = {isa = PBXFileReference; lastKnownFileType = text.plist; path = Info.plist; sourceTree = "<group>"; };
		69A650C0ABE39E401941835F /* zh */ = {isa = PBXFileReference; lastKnownFileType = text.plist.strings; name = zh; path = zh.lproj/Localizable.strings; sourceTree = "<group>"; };
		71EEE76C7792691B5965C458 /* ImpulseApp.swift */ = {isa = PBXFileReference; lastKnownFileType = sourcecode.swift; path = ImpulseApp.swift; sourceTree = "<group>"; };
		7554DA561703704C0C56176E /* SandboxSettingsView.swift */ = {isa = PBXFileReference; lastKnownFileType = sourcecode.swift; path = SandboxSettingsView.swift; sourceTree = "<group>"; };
		8204F7D3B23090EE996398D6 /* GeneralSettingsView.swift */ = {isa = PBXFileReference; lastKnownFileType = sourcecode.swift; path = GeneralSettingsView.swift; sourceTree = "<group>"; };
		884E7F7B3BE443D1E0CB9C0C /* AppIcon.icon */ = {isa = PBXFileReference; lastKnownFileType = wrapper.icon; path = AppIcon.icon; sourceTree = "<group>"; };
		8BE769B83FCCDD886C22339D /* SpeechRecognitionManager.swift */ = {isa = PBXFileReference; lastKnownFileType = sourcecode.swift; path = SpeechRecognitionManager.swift; sourceTree = "<group>"; };
		91DE16007E173A645326756C /* URLExtensions.swift */ = {isa = PBXFileReference; lastKnownFileType = sourcecode.swift; path = URLExtensions.swift; sourceTree = "<group>"; };
		93A8786A07FC8532AD97F1B2 /* Item.swift */ = {isa = PBXFileReference; lastKnownFileType = sourcecode.swift; path = Item.swift; sourceTree = "<group>"; };
		93E32F59AD160EE9D6AEE48C /* AuthSession.swift */ = {isa = PBXFileReference; lastKnownFileType = sourcecode.swift; path = AuthSession.swift; sourceTree = "<group>"; };
		958EDF92C0FA269A39255C7F /* SettingsContainerView.swift */ = {isa = PBXFileReference; lastKnownFileType = sourcecode.swift; path = SettingsContainerView.swift; sourceTree = "<group>"; };
		97B85A83BCFE7F1DC2FE8FED /* ModelSettingsViewModel.swift */ = {isa = PBXFileReference; lastKnownFileType = sourcecode.swift; path = ModelSettingsViewModel.swift; sourceTree = "<group>"; };
		A268FB0490CB9E8E165D0A5B /* ChatMessageViews.swift */ = {isa = PBXFileReference; lastKnownFileType = sourcecode.swift; path = ChatMessageViews.swift; sourceTree = "<group>"; };
		A75CC406A68DDB52B607A2A7 /* ChatViewModel.swift */ = {isa = PBXFileReference; lastKnownFileType = sourcecode.swift; path = ChatViewModel.swift; sourceTree = "<group>"; };
		A7660C20FF64367728A0540F /* AuthUser.swift */ = {isa = PBXFileReference; lastKnownFileType = sourcecode.swift; path = AuthUser.swift; sourceTree = "<group>"; };
		A814C12C6A761FD710D56718 /* es */ = {isa = PBXFileReference; lastKnownFileType = text.plist.strings; name = es; path = es.lproj/Localizable.strings; sourceTree = "<group>"; };
		A9F3CE2D05258B9C725B3A0B /* AuthKeychainStore.swift */ = {isa = PBXFileReference; lastKnownFileType = sourcecode.swift; path = AuthKeychainStore.swift; sourceTree = "<group>"; };
		AB90E3CBE79E1E4BEF6E8E72 /* OpenAuthClient.swift */ = {isa = PBXFileReference; lastKnownFileType = sourcecode.swift; path = OpenAuthClient.swift; sourceTree = "<group>"; };
		AFFC0295787AAA6027849FB3 /* AppLanguage.swift */ = {isa = PBXFileReference; lastKnownFileType = sourcecode.swift; path = AppLanguage.swift; sourceTree = "<group>"; };
		B288284061B4AD954D17FDCC /* ScreenCaptureService.swift */ = {isa = PBXFileReference; lastKnownFileType = sourcecode.swift; path = ScreenCaptureService.swift; sourceTree = "<group>"; };
		B634BD2B1F5522A71D8E81FF /* OCRManager.swift */ = {isa = PBXFileReference; lastKnownFileType = sourcecode.swift; path = OCRManager.swift; sourceTree = "<group>"; };
		BBC8C4CA0F14FCCFBD16489C /* OllamaModel.swift */ = {isa = PBXFileReference; lastKnownFileType = sourcecode.swift; path = OllamaModel.swift; sourceTree = "<group>"; };
		C60D199978760A260416B1CA /* en */ = {isa = PBXFileReference; lastKnownFileType = text.plist.strings; name = en; path = en.lproj/Localizable.strings; sourceTree = "<group>"; };
		C8D497B5A52DE48C771D8561 /* AgentToolExecution.swift */ = {isa = PBXFileReference; lastKnownFileType = sourcecode.swift; path = AgentToolExecution.swift; sourceTree = "<group>"; };
		C97700E655244693778F032B /* ToolApprovalCenter.swift */ = {isa = PBXFileReference; lastKnownFileType = sourcecode.swift; path = ToolApprovalCenter.swift; sourceTree = "<group>"; };
		CD6375D7FBA6DD076A6A3377 /* InputBar.swift */ = {isa = PBXFileReference; lastKnownFileType = sourcecode.swift; path = InputBar.swift; sourceTree = "<group>"; };
		CD748639B321EBBA22D27C94 /* ProviderCatalog.swift */ = {isa = PBXFileReference; lastKnownFileType = sourcecode.swift; path = ProviderCatalog.swift; sourceTree = "<group>"; };
		D52C4C76BC3984411D92BE76 /* StringExtensions.swift */ = {isa = PBXFileReference; lastKnownFileType = sourcecode.swift; path = StringExtensions.swift; sourceTree = "<group>"; };
		D5B889839A7C3E44C188C921 /* ChatHistoryService.swift */ = {isa = PBXFileReference; lastKnownFileType = sourcecode.swift; path = ChatHistoryService.swift; sourceTree = "<group>"; };
		DA20B2F1CAE913E4AAB65248 /* PersistedToolExecution.swift */ = {isa = PBXFileReference; lastKnownFileType = sourcecode.swift; path = PersistedToolExecution.swift; sourceTree = "<group>"; };
		E809CF2E4297D75E66EDF96A /* ScreenCapturePermissionManager.swift */ = {isa = PBXFileReference; lastKnownFileType = sourcecode.swift; path = ScreenCapturePermissionManager.swift; sourceTree = "<group>"; };
		E8D20BF85185F315C708CC56 /* ModelProviderConfigView.swift */ = {isa = PBXFileReference; lastKnownFileType = sourcecode.swift; path = ModelProviderConfigView.swift; sourceTree = "<group>"; };
		F1AEB96E3791CA1A5C5EAD8B /* ChatSidebarView.swift */ = {isa = PBXFileReference; lastKnownFileType = sourcecode.swift; path = ChatSidebarView.swift; sourceTree = "<group>"; };
		F29763011DDEF85183EC3062 /* KanbanPanelView.swift */ = {isa = PBXFileReference; lastKnownFileType = sourcecode.swift; path = KanbanPanelView.swift; sourceTree = "<group>"; };
		F5E7A71454F33A0B3D97F492 /* ru */ = {isa = PBXFileReference; lastKnownFileType = text.plist.strings; name = ru; path = ru.lproj/Localizable.strings; sourceTree = "<group>"; };
		F6C2B09CB8FA5E27588EB5B6 /* AgentServiceConfig.swift */ = {isa = PBXFileReference; lastKnownFileType = sourcecode.swift; path = AgentServiceConfig.swift; sourceTree = "<group>"; };
		F8FCFBBF50D5F18CAE30FA85 /* ModelRegistry.swift */ = {isa = PBXFileReference; lastKnownFileType = sourcecode.swift; path = ModelRegistry.swift; sourceTree = "<group>"; };
		FCB6BDEB6ABD8EE45D9AB8F3 /* IdleWatcher.swift */ = {isa = PBXFileReference; lastKnownFileType = sourcecode.swift; path = IdleWatcher.swift; sourceTree = "<group>"; };
/* End PBXFileReference section */

/* Begin PBXFrameworksBuildPhase section */
		83FDC2A8E33685B6A757D12D /* Frameworks */ = {
			isa = PBXFrameworksBuildPhase;
			buildActionMask = 2147483647;
			files = (
				DBF506CF5288F662950F1795 /* SwiftCodingAgent in Frameworks */,
				FE7FA49541C915E2B9BB283B /* MarkdownUI in Frameworks */,
			);
			runOnlyForDeploymentPostprocessing = 0;
		};
/* End PBXFrameworksBuildPhase section */

/* Begin PBXGroup section */
		0B4CF811B249B6826C72FDD6 /* Extensions */ = {
			isa = PBXGroup;
			children = (
				D52C4C76BC3984411D92BE76 /* StringExtensions.swift */,
				91DE16007E173A645326756C /* URLExtensions.swift */,
			);
			path = Extensions;
			sourceTree = "<group>";
		};
		0B50685CCD541A9D61048B95 /* App */ = {
			isa = PBXGroup;
			children = (
				71EEE76C7792691B5965C458 /* ImpulseApp.swift */,
				1A1176970DEEE7F523D66960 /* Auth */,
				49F4096E4EBBE89BDED8A66D /* Root */,
			);
			name = App;
			path = Impulse/App;
			sourceTree = "<group>";
		};
		1885AC60A3B377F6757D6F44 /* ScreenCapture */ = {
			isa = PBXGroup;
			children = (
				E809CF2E4297D75E66EDF96A /* ScreenCapturePermissionManager.swift */,
				B288284061B4AD954D17FDCC /* ScreenCaptureService.swift */,
			);
			path = ScreenCapture;
			sourceTree = "<group>";
		};
		1A1176970DEEE7F523D66960 /* Auth */ = {
			isa = PBXGroup;
			children = (
			);
			path = Auth;
			sourceTree = "<group>";
		};
		28FC9F70A9B3F381B55498F8 /* Views */ = {
			isa = PBXGroup;
			children = (
				0BCFC7AD047F5D82FE009141 /* AgentResponseView.swift */,
				A268FB0490CB9E8E165D0A5B /* ChatMessageViews.swift */,
				F1AEB96E3791CA1A5C5EAD8B /* ChatSidebarView.swift */,
				CD6375D7FBA6DD076A6A3377 /* InputBar.swift */,
				37E15902F425AF0C6AEDE511 /* UserAccountPopover.swift */,
			);
			path = Views;
			sourceTree = "<group>";
		};
		2A61B412C097FAAAD2A998A3 /* Resources */ = {
			isa = PBXGroup;
			children = (
				884E7F7B3BE443D1E0CB9C0C /* AppIcon.icon */,
				0ECDAD2E483F60E9F9174DAD /* Assets.xcassets */,
				58F2C65119291BEDEA4E8564 /* Impulse.entitlements */,
				67838BE235C7885D78EFB907 /* Info.plist */,
				CDC16F01DF94F104697A5DA4 /* InfoPlist.strings */,
				837A800EC07E8C84F6702F98 /* Localizable.strings */,
			);
			name = Resources;
			path = Impulse/Resources;
			sourceTree = "<group>";
		};
		37D02046B3329355281CF885 /* Localization */ = {
			isa = PBXGroup;
			children = (
				AFFC0295787AAA6027849FB3 /* AppLanguage.swift */,
			);
			path = Localization;
			sourceTree = "<group>";
		};
		3CEE38604F6EF74B4D43F215 /* Models */ = {
			isa = PBXGroup;
			children = (
				BBC8C4CA0F14FCCFBD16489C /* OllamaModel.swift */,
				CD748639B321EBBA22D27C94 /* ProviderCatalog.swift */,
			);
			path = Models;
			sourceTree = "<group>";
		};
		3F7CA65D1BC1F445860EE1B2 /* Data */ = {
			isa = PBXGroup;
			children = (
				E7F193B225712C9CD542C419 /* Models */,
			);
			path = Data;
			sourceTree = "<group>";
		};
		43D203D0E16D7723AAD6BE84 /* ViewModels */ = {
			isa = PBXGroup;
			children = (
				A75CC406A68DDB52B607A2A7 /* ChatViewModel.swift */,
			);
			path = ViewModels;
			sourceTree = "<group>";
		};
		49F4096E4EBBE89BDED8A66D /* Root */ = {
			isa = PBXGroup;
			children = (
				3E6E7DCCFF9994694025CFF7 /* ContentView.swift */,
			);
			path = Root;
			sourceTree = "<group>";
		};
		4AF22AA26E9B26FAAECF525D /* Manager */ = {
			isa = PBXGroup;
			children = (
				4B372A66861EA9DC728FC9F0 /* AgentManager.swift */,
			);
			path = Manager;
			sourceTree = "<group>";
		};
		4DCD3130E7705092D080F128 /* Services */ = {
			isa = PBXGroup;
			children = (
				D5B889839A7C3E44C188C921 /* ChatHistoryService.swift */,
			);
			path = Services;
			sourceTree = "<group>";
		};
		4DD024DC01ED91ED04F80821 /* Utilities */ = {
			isa = PBXGroup;
			children = (
				FCB6BDEB6ABD8EE45D9AB8F3 /* IdleWatcher.swift */,
			);
			path = Utilities;
			sourceTree = "<group>";
		};
		5598922A85F864025D6E80A2 /* Views */ = {
			isa = PBXGroup;
			children = (
				8204F7D3B23090EE996398D6 /* GeneralSettingsView.swift */,
				E8D20BF85185F315C708CC56 /* ModelProviderConfigView.swift */,
				086ED72175BEC635EB63FFDF /* ModelSettingsView.swift */,
				7554DA561703704C0C56176E /* SandboxSettingsView.swift */,
				958EDF92C0FA269A39255C7F /* SettingsContainerView.swift */,
			);
			path = Views;
			sourceTree = "<group>";
		};
		5E55BB41EEA4BF9FA1C581B9 /* Models */ = {
			isa = PBXGroup;
			children = (
				3C7DDE5118F3208B50B6FFAA /* AuthTokenSet.swift */,
				A7660C20FF64367728A0540F /* AuthUser.swift */,
			);
			path = Models;
			sourceTree = "<group>";
		};
		62B8E83BCE1524959C1BF826 /* Core */ = {
			isa = PBXGroup;
			children = (
				CA2C8FB9DA9355B7801CB04A /* Agent */,
				78ECAB2FAE3273CE12548F4D /* AI */,
				85350DD291A5CC9741BA0298 /* Auth */,
				3F7CA65D1BC1F445860EE1B2 /* Data */,
				C14925D7A8B898CBCB11C584 /* Workspace */,
			);
			name = Core;
			path = Impulse/Core;
			sourceTree = "<group>";
		};
		67B5290398483F613C2BDD1E /* Settings */ = {
			isa = PBXGroup;
			children = (
				E45980543E98C6A03D34F46A /* Components */,
				9C876EF14EECAB778B044F19 /* ViewModels */,
				5598922A85F864025D6E80A2 /* Views */,
			);
			path = Settings;
			sourceTree = "<group>";
		};
		78ECAB2FAE3273CE12548F4D /* AI */ = {
			isa = PBXGroup;
			children = (
				3CEE38604F6EF74B4D43F215 /* Models */,
				D4F9F11A9C29E4214D6EB3FF /* Registry */,
			);
			path = AI;
			sourceTree = "<group>";
		};
		85350DD291A5CC9741BA0298 /* Auth */ = {
			isa = PBXGroup;
			children = (
				E2A05E436004D69F6290E882 /* Manager */,
				5E55BB41EEA4BF9FA1C581B9 /* Models */,
				98421F3E074E031695AB9C16 /* Services */,
			);
			path = Auth;
			sourceTree = "<group>";
		};
		86F4654C9C39DD9D82E4A200 /* Views */ = {
			isa = PBXGroup;
			children = (
				F29763011DDEF85183EC3062 /* KanbanPanelView.swift */,
			);
			path = Views;
			sourceTree = "<group>";
		};
		91396664ECECC092FAF6FAFB /* Shared */ = {
			isa = PBXGroup;
			children = (
				0B4CF811B249B6826C72FDD6 /* Extensions */,
				37D02046B3329355281CF885 /* Localization */,
				4DD024DC01ED91ED04F80821 /* Utilities */,
			);
			name = Shared;
			path = Impulse/Shared;
			sourceTree = "<group>";
		};
		925E464A2522F6273B8C0B71 /* Packages */ = {
			isa = PBXGroup;
			children = (
				11F977371C031EF11D297653 /* SwiftCodingAgent */,
			);
			name = Packages;
			sourceTree = "<group>";
		};
		9686FB5ACF689891964650AB /* Kanban */ = {
			isa = PBXGroup;
			children = (
				86F4654C9C39DD9D82E4A200 /* Views */,
			);
			path = Kanban;
			sourceTree = "<group>";
		};
		9706F28995AFA5AA33AE65AE /* Features */ = {
			isa = PBXGroup;
			children = (
				B0C41FCA0F929403FFE71109 /* Capture */,
				AFEDC9D4118925B77CCE6369 /* Chat */,
				9686FB5ACF689891964650AB /* Kanban */,
				67B5290398483F613C2BDD1E /* Settings */,
				D12D887C00C69943218BF682 /* Voice */,
			);
			name = Features;
			path = Impulse/Features;
			sourceTree = "<group>";
		};
		98421F3E074E031695AB9C16 /* Services */ = {
			isa = PBXGroup;
			children = (
				A9F3CE2D05258B9C725B3A0B /* AuthKeychainStore.swift */,
				38F32252C936ECDF875573B5 /* OAuthWebAuthenticator.swift */,
				AB90E3CBE79E1E4BEF6E8E72 /* OpenAuthClient.swift */,
			);
			path = Services;
			sourceTree = "<group>";
		};
		9C876EF14EECAB778B044F19 /* ViewModels */ = {
			isa = PBXGroup;
			children = (
				3D28B24DC1456B9B55EA8FA3 /* GeneralSettingsViewModel.swift */,
				97B85A83BCFE7F1DC2FE8FED /* ModelSettingsViewModel.swift */,
				291BE9E4DDC2A1749CC56955 /* SandboxSettingsViewModel.swift */,
			);
			path = ViewModels;
			sourceTree = "<group>";
		};
		A4817E6CFB302DDC21676636 /* Persistence */ = {
			isa = PBXGroup;
			children = (
				250A868C643CDB8A72D5132F /* AgentSessionStore.swift */,
			);
			path = Persistence;
			sourceTree = "<group>";
		};
		AFEDC9D4118925B77CCE6369 /* Chat */ = {
			isa = PBXGroup;
			children = (
				DF24D5BEE020409A15F685AC /* Models */,
				4DCD3130E7705092D080F128 /* Services */,
				43D203D0E16D7723AAD6BE84 /* ViewModels */,
				28FC9F70A9B3F381B55498F8 /* Views */,
			);
			path = Chat;
			sourceTree = "<group>";
		};
		B0C41FCA0F929403FFE71109 /* Capture */ = {
			isa = PBXGroup;
			children = (
				C37A09CC32A32BCA9FE769C2 /* OCR */,
				1885AC60A3B377F6757D6F44 /* ScreenCapture */,
			);
			path = Capture;
			sourceTree = "<group>";
		};
		BE0E1CDC7FA4232BE1D5AD5E /* Models */ = {
			isa = PBXGroup;
			children = (
				F6C2B09CB8FA5E27588EB5B6 /* AgentServiceConfig.swift */,
				C8D497B5A52DE48C771D8561 /* AgentToolExecution.swift */,
				648A8BCF61CE479983D628BB /* KanbanTaskSnapshot.swift */,
				DA20B2F1CAE913E4AAB65248 /* PersistedToolExecution.swift */,
				02F8BE20777B0EF7424C9DB5 /* ProjectSessionSnapshot.swift */,
				C97700E655244693778F032B /* ToolApprovalCenter.swift */,
			);
			path = Models;
			sourceTree = "<group>";
		};
		C14925D7A8B898CBCB11C584 /* Workspace */ = {
			isa = PBXGroup;
			children = (
				2B6DAED73C11A505EA95DF0F /* SandboxAccessManager.swift */,
			);
			path = Workspace;
			sourceTree = "<group>";
		};
		C37A09CC32A32BCA9FE769C2 /* OCR */ = {
			isa = PBXGroup;
			children = (
				1551F3E20889B3DBC5F6B768 /* OCRCaptureOrchestrator.swift */,
				B634BD2B1F5522A71D8E81FF /* OCRManager.swift */,
				4D8CAEC4FA3854B1F8556325 /* VisionOCRService.swift */,
			);
			path = OCR;
			sourceTree = "<group>";
		};
		CA2C8FB9DA9355B7801CB04A /* Agent */ = {
			isa = PBXGroup;
			children = (
				4AF22AA26E9B26FAAECF525D /* Manager */,
				BE0E1CDC7FA4232BE1D5AD5E /* Models */,
				A4817E6CFB302DDC21676636 /* Persistence */,
			);
			path = Agent;
			sourceTree = "<group>";
		};
		D12D887C00C69943218BF682 /* Voice */ = {
			isa = PBXGroup;
			children = (
				8BE769B83FCCDD886C22339D /* SpeechRecognitionManager.swift */,
			);
			path = Voice;
			sourceTree = "<group>";
		};
		D40AEB032A75ADDE88D0DCD4 /* Products */ = {
			isa = PBXGroup;
			children = (
				431F41D88A558789D2C0B2A0 /* Impulse.app */,
			);
			name = Products;
			sourceTree = "<group>";
		};
		D4F9F11A9C29E4214D6EB3FF /* Registry */ = {
			isa = PBXGroup;
			children = (
				F8FCFBBF50D5F18CAE30FA85 /* ModelRegistry.swift */,
			);
			path = Registry;
			sourceTree = "<group>";
		};
		DF24D5BEE020409A15F685AC /* Models */ = {
			isa = PBXGroup;
			children = (
				64247326BC5C5784335C0723 /* ChatProject.swift */,
			);
			path = Models;
			sourceTree = "<group>";
		};
		E2A05E436004D69F6290E882 /* Manager */ = {
			isa = PBXGroup;
			children = (
				93E32F59AD160EE9D6AEE48C /* AuthSession.swift */,
			);
			path = Manager;
			sourceTree = "<group>";
		};
		E45980543E98C6A03D34F46A /* Components */ = {
			isa = PBXGroup;
			children = (
				0844CA40D56F874715F3E816 /* SettingsCard.swift */,
			);
			path = Components;
			sourceTree = "<group>";
		};
		E7F193B225712C9CD542C419 /* Models */ = {
			isa = PBXGroup;
			children = (
				93A8786A07FC8532AD97F1B2 /* Item.swift */,
			);
			path = Models;
			sourceTree = "<group>";
		};
		F9BDC164E6CEBC5B62DD456F = {
			isa = PBXGroup;
			children = (
				0B50685CCD541A9D61048B95 /* App */,
				62B8E83BCE1524959C1BF826 /* Core */,
				9706F28995AFA5AA33AE65AE /* Features */,
				925E464A2522F6273B8C0B71 /* Packages */,
				2A61B412C097FAAAD2A998A3 /* Resources */,
				91396664ECECC092FAF6FAFB /* Shared */,
				D40AEB032A75ADDE88D0DCD4 /* Products */,
			);
			sourceTree = "<group>";
		};
/* End PBXGroup section */

/* Begin PBXNativeTarget section */
		B029E5C098AE6F9D7DAA7C5C /* Impulse */ = {
			isa = PBXNativeTarget;
			buildConfigurationList = 65FF25DC66F76E9BB446F032 /* Build configuration list for PBXNativeTarget "Impulse" */;
			buildPhases = (
				FE38D1FEBF2D30BA1D3995A6 /* Sources */,
				FEB0487BD8ABDAC51A2CE67A /* Resources */,
				83FDC2A8E33685B6A757D12D /* Frameworks */,
			);
			buildRules = (
			);
			dependencies = (
			);
			name = Impulse;
			packageProductDependencies = (
				EE576E14ED8C835AD3FC5CBC /* SwiftCodingAgent */,
				68EF85DE09245D51EA357FF4 /* MarkdownUI */,
			);
			productName = Impulse;
			productReference = 431F41D88A558789D2C0B2A0 /* Impulse.app */;
			productType = "com.apple.product-type.application";
		};
/* End PBXNativeTarget section */

/* Begin PBXProject section */
		6280DE732DAFC5BF8CE75687 /* Project object */ = {
			isa = PBXProject;
			attributes = {
				BuildIndependentTargetsInParallel = YES;
				LastUpgradeCheck = 1600;
				TargetAttributes = {
					B029E5C098AE6F9D7DAA7C5C = {
						ProvisioningStyle = Automatic;
					};
				};
			};
			buildConfigurationList = D6AAAA4C6B9257102445D750 /* Build configuration list for PBXProject "Impulse" */;
			developmentRegion = en;
			hasScannedForEncodings = 0;
			knownRegions = (
				Base,
				en,
				es,
				fr,
				ja,
				ru,
				zh,
			);
			mainGroup = F9BDC164E6CEBC5B62DD456F;
			minimizedProjectReferenceProxies = 1;
			packageReferences = (
				8771656467389179A7BFC86A /* XCRemoteSwiftPackageReference "swift-markdown-ui" */,
				3F4402A76C3073BA7D3C40D4 /* XCLocalSwiftPackageReference "../SwiftCodingAgent" */,
			);
			preferredProjectObjectVersion = 77;
			productRefGroup = D40AEB032A75ADDE88D0DCD4 /* Products */;
			projectDirPath = "";
			projectRoot = "";
			targets = (
				B029E5C098AE6F9D7DAA7C5C /* Impulse */,
			);
		};
/* End PBXProject section */

/* Begin PBXResourcesBuildPhase section */
		FEB0487BD8ABDAC51A2CE67A /* Resources */ = {
			isa = PBXResourcesBuildPhase;
			buildActionMask = 2147483647;
			files = (
				8BFC8084528A811F3D36FFB2 /* AppIcon.icon in Resources */,
				C12768CFF6FCEE3DF4A3AC8E /* Assets.xcassets in Resources */,
				4CBCDB151EB061404B109928 /* InfoPlist.strings in Resources */,
				445CD0EC34D7B27F9ECA9EF3 /* Localizable.strings in Resources */,
			);
			runOnlyForDeploymentPostprocessing = 0;
		};
/* End PBXResourcesBuildPhase section */

/* Begin PBXSourcesBuildPhase section */
		FE38D1FEBF2D30BA1D3995A6 /* Sources */ = {
			isa = PBXSourcesBuildPhase;
			buildActionMask = 2147483647;
			files = (
				E75DE81725552E5FBABF40C9 /* AgentManager.swift in Sources */,
				48750828927776E11C3A98E8 /* AgentResponseView.swift in Sources */,
				8F7BDA94EDAED7B82B8E39E7 /* AgentServiceConfig.swift in Sources */,
				BD5B88FD8D385C0643E21893 /* AgentSessionStore.swift in Sources */,
				D15DE17EFEC6B5E9F47EFAF2 /* AgentToolExecution.swift in Sources */,
				8FA9B0F327470BDFB1784E8B /* AppLanguage.swift in Sources */,
				D453F4BDED3F37247BD61316 /* AuthKeychainStore.swift in Sources */,
				776E06FCDEB134676BE09CEB /* AuthSession.swift in Sources */,
				416F552C98547BD03AC35694 /* AuthTokenSet.swift in Sources */,
				55FE5C7F09CD14FF93C2B6CF /* AuthUser.swift in Sources */,
				91D523CAD87F6F9C2F327E81 /* ChatHistoryService.swift in Sources */,
				F9597270FC4C8BC42CE3714A /* ChatMessageViews.swift in Sources */,
				1EA9E668B5188F5008B924DD /* ChatProject.swift in Sources */,
				99452EE84EFBBD573B70C894 /* ChatSidebarView.swift in Sources */,
				7324770CE6EA60872BC744DE /* ChatViewModel.swift in Sources */,
				A26A665BED442AEDE2A449BC /* ContentView.swift in Sources */,
				E0BF74DD6E11408E211A078D /* GeneralSettingsView.swift in Sources */,
				711A30B0960AAE30872339F0 /* GeneralSettingsViewModel.swift in Sources */,
				235CCFD1484C077876AE5A2C /* IdleWatcher.swift in Sources */,
				7D59B8C47D4E9DCD7C6EF487 /* ImpulseApp.swift in Sources */,
				4C6BB760E048146F5846E5D3 /* InputBar.swift in Sources */,
				BF8292A58FE863EB7475606C /* Item.swift in Sources */,
				B30AA335FBF174A283E5747F /* KanbanPanelView.swift in Sources */,
				6DB9D2C0B26E630314255C47 /* KanbanTaskSnapshot.swift in Sources */,
				D82DE53499D07BED90345EF6 /* ModelProviderConfigView.swift in Sources */,
				9E94FE0AD1BF1C9CBC116944 /* ModelRegistry.swift in Sources */,
				3C9AA99067416EF9F04FFEC8 /* ModelSettingsView.swift in Sources */,
				9C21B3687DCEF54449EEED80 /* ModelSettingsViewModel.swift in Sources */,
				175D57594E0C4CF2B311FDF8 /* OAuthWebAuthenticator.swift in Sources */,
				0EC3EF736BAE2062A2FFD9CB /* OCRCaptureOrchestrator.swift in Sources */,
				EC0EF218A734E6597DEB5A6C /* OCRManager.swift in Sources */,
				D0D28C43869DEE2884B06304 /* OllamaModel.swift in Sources */,
				7E43862854B90BA60080F02B /* OpenAuthClient.swift in Sources */,
				08794DC01D423A1AFB4782A5 /* PersistedToolExecution.swift in Sources */,
				B5F5E4260E54E9BFD8EE552E /* ProjectSessionSnapshot.swift in Sources */,
				DDE9DCEF8BCA57A6D4C7246A /* ProviderCatalog.swift in Sources */,
				3626F0C00C9BFD1B27A20106 /* SandboxAccessManager.swift in Sources */,
				CCA56E09AD7170C198A66F45 /* SandboxSettingsView.swift in Sources */,
				3A96CDE50815AF91C038D27D /* SandboxSettingsViewModel.swift in Sources */,
				8DC59A42FA8673ECFF9C9038 /* ScreenCapturePermissionManager.swift in Sources */,
				6E9AAA67BB55EA65BC671D9B /* ScreenCaptureService.swift in Sources */,
				D5DEE946E03AC3012CFF5F36 /* SettingsCard.swift in Sources */,
				44C6A7B310A0A88509557A32 /* SettingsContainerView.swift in Sources */,
				7006778D587A76452F2A988D /* SpeechRecognitionManager.swift in Sources */,
				FCA485E8BEC0379DA50975B7 /* StringExtensions.swift in Sources */,
				29DED66199F75D9D34AF45DF /* ToolApprovalCenter.swift in Sources */,
				4FC9E760428D188AFAE9696F /* URLExtensions.swift in Sources */,
				9C094CA10913C78B56FB1151 /* UserAccountPopover.swift in Sources */,
				12EBA742ADB66D4F010BAF97 /* VisionOCRService.swift in Sources */,
			);
			runOnlyForDeploymentPostprocessing = 0;
		};
/* End PBXSourcesBuildPhase section */

/* Begin PBXVariantGroup section */
		837A800EC07E8C84F6702F98 /* Localizable.strings */ = {
			isa = PBXVariantGroup;
			children = (
				C60D199978760A260416B1CA /* en */,
				A814C12C6A761FD710D56718 /* es */,
				34FCDE7605F82FA9A4A5820A /* fr */,
				641FD7736C28866239E8FD95 /* ja */,
				F5E7A71454F33A0B3D97F492 /* ru */,
				69A650C0ABE39E401941835F /* zh */,
			);
			name = Localizable.strings;
			sourceTree = "<group>";
		};
		CDC16F01DF94F104697A5DA4 /* InfoPlist.strings */ = {
			isa = PBXVariantGroup;
			children = (
				4213BCD170CB1B402D1CF4DB /* en */,
				65C302713F29DE1FC022AE86 /* es */,
				464A3DF1528F83EBCD3E32E0 /* fr */,
				4B8B10720E43EF4A2D721499 /* ja */,
				526C6374E6C8D3D1F94133CC /* ru */,
				62E89B50E4670FD44E9C3F60 /* zh */,
			);
			name = InfoPlist.strings;
			sourceTree = "<group>";
		};
/* End PBXVariantGroup section */

/* Begin XCBuildConfiguration section */
		05DC26BA76280333BA6E6F6A /* Debug */ = {
			isa = XCBuildConfiguration;
			buildSettings = {
				ALWAYS_SEARCH_USER_PATHS = NO;
				CLANG_ANALYZER_NONNULL = YES;
				CLANG_ANALYZER_NUMBER_OBJECT_CONVERSION = YES_AGGRESSIVE;
				CLANG_CXX_LANGUAGE_STANDARD = "gnu++14";
				CLANG_CXX_LIBRARY = "libc++";
				CLANG_ENABLE_MODULES = YES;
				CLANG_ENABLE_OBJC_ARC = YES;
				CLANG_ENABLE_OBJC_WEAK = YES;
				CLANG_WARN_BLOCK_CAPTURE_AUTORELEASING = YES;
				CLANG_WARN_BOOL_CONVERSION = YES;
				CLANG_WARN_COMMA = YES;
				CLANG_WARN_CONSTANT_CONVERSION = YES;
				CLANG_WARN_DEPRECATED_OBJC_IMPLEMENTATIONS = YES;
				CLANG_WARN_DIRECT_OBJC_ISA_USAGE = YES_ERROR;
				CLANG_WARN_DOCUMENTATION_COMMENTS = YES;
				CLANG_WARN_EMPTY_BODY = YES;
				CLANG_WARN_ENUM_CONVERSION = YES;
				CLANG_WARN_INFINITE_RECURSION = YES;
				CLANG_WARN_INT_CONVERSION = YES;
				CLANG_WARN_NON_LITERAL_NULL_CONVERSION = YES;
				CLANG_WARN_OBJC_IMPLICIT_RETAIN_SELF = YES;
				CLANG_WARN_OBJC_LITERAL_CONVERSION = YES;
				CLANG_WARN_OBJC_ROOT_CLASS = YES_ERROR;
				CLANG_WARN_QUOTED_INCLUDE_IN_FRAMEWORK_HEADER = YES;
				CLANG_WARN_RANGE_LOOP_ANALYSIS = YES;
				CLANG_WARN_STRICT_PROTOTYPES = YES;
				CLANG_WARN_SUSPICIOUS_MOVE = YES;
				CLANG_WARN_UNGUARDED_AVAILABILITY = YES_AGGRESSIVE;
				CLANG_WARN_UNREACHABLE_CODE = YES;
				CLANG_WARN__DUPLICATE_METHOD_MATCH = YES;
				CODE_SIGN_STYLE = Automatic;
				COPY_PHASE_STRIP = NO;
				DEBUG_INFORMATION_FORMAT = dwarf;
				ENABLE_HARDENED_RUNTIME = YES;
				ENABLE_STRICT_OBJC_MSGSEND = YES;
				ENABLE_TESTABILITY = YES;
				GCC_C_LANGUAGE_STANDARD = gnu11;
				GCC_DYNAMIC_NO_PIC = NO;
				GCC_NO_COMMON_BLOCKS = YES;
				GCC_OPTIMIZATION_LEVEL = 0;
				GCC_PREPROCESSOR_DEFINITIONS = (
					"$(inherited)",
					"DEBUG=1",
				);
				GCC_WARN_64_TO_32_BIT_CONVERSION = YES;
				GCC_WARN_ABOUT_RETURN_TYPE = YES_ERROR;
				GCC_WARN_UNDECLARED_SELECTOR = YES;
				GCC_WARN_UNINITIALIZED_AUTOS = YES_AGGRESSIVE;
				GCC_WARN_UNUSED_FUNCTION = YES;
				GCC_WARN_UNUSED_VARIABLE = YES;
				MACOSX_DEPLOYMENT_TARGET = 14.0;
				MTL_ENABLE_DEBUG_INFO = INCLUDE_SOURCE;
				MTL_FAST_MATH = YES;
				ONLY_ACTIVE_ARCH = YES;
				PRODUCT_NAME = "$(TARGET_NAME)";
				SDKROOT = macosx;
				SWIFT_ACTIVE_COMPILATION_CONDITIONS = DEBUG;
				SWIFT_OPTIMIZATION_LEVEL = "-Onone";
				SWIFT_VERSION = 6.0;
			};
			name = Debug;
		};
		7914F679C806B0B677FBB74B /* Release */ = {
			isa = XCBuildConfiguration;
			buildSettings = {
				ALWAYS_SEARCH_USER_PATHS = NO;
				CLANG_ANALYZER_NONNULL = YES;
				CLANG_ANALYZER_NUMBER_OBJECT_CONVERSION = YES_AGGRESSIVE;
				CLANG_CXX_LANGUAGE_STANDARD = "gnu++14";
				CLANG_CXX_LIBRARY = "libc++";
				CLANG_ENABLE_MODULES = YES;
				CLANG_ENABLE_OBJC_ARC = YES;
				CLANG_ENABLE_OBJC_WEAK = YES;
				CLANG_WARN_BLOCK_CAPTURE_AUTORELEASING = YES;
				CLANG_WARN_BOOL_CONVERSION = YES;
				CLANG_WARN_COMMA = YES;
				CLANG_WARN_CONSTANT_CONVERSION = YES;
				CLANG_WARN_DEPRECATED_OBJC_IMPLEMENTATIONS = YES;
				CLANG_WARN_DIRECT_OBJC_ISA_USAGE = YES_ERROR;
				CLANG_WARN_DOCUMENTATION_COMMENTS = YES;
				CLANG_WARN_EMPTY_BODY = YES;
				CLANG_WARN_ENUM_CONVERSION = YES;
				CLANG_WARN_INFINITE_RECURSION = YES;
				CLANG_WARN_INT_CONVERSION = YES;
				CLANG_WARN_NON_LITERAL_NULL_CONVERSION = YES;
				CLANG_WARN_OBJC_IMPLICIT_RETAIN_SELF = YES;
				CLANG_WARN_OBJC_LITERAL_CONVERSION = YES;
				CLANG_WARN_OBJC_ROOT_CLASS = YES_ERROR;
				CLANG_WARN_QUOTED_INCLUDE_IN_FRAMEWORK_HEADER = YES;
				CLANG_WARN_RANGE_LOOP_ANALYSIS = YES;
				CLANG_WARN_STRICT_PROTOTYPES = YES;
				CLANG_WARN_SUSPICIOUS_MOVE = YES;
				CLANG_WARN_UNGUARDED_AVAILABILITY = YES_AGGRESSIVE;
				CLANG_WARN_UNREACHABLE_CODE = YES;
				CLANG_WARN__DUPLICATE_METHOD_MATCH = YES;
				CODE_SIGN_STYLE = Automatic;
				COPY_PHASE_STRIP = NO;
				DEBUG_INFORMATION_FORMAT = "dwarf-with-dsym";
				ENABLE_HARDENED_RUNTIME = YES;
				ENABLE_NS_ASSERTIONS = NO;
				ENABLE_STRICT_OBJC_MSGSEND = YES;
				GCC_C_LANGUAGE_STANDARD = gnu11;
				GCC_NO_COMMON_BLOCKS = YES;
				GCC_WARN_64_TO_32_BIT_CONVERSION = YES;
				GCC_WARN_ABOUT_RETURN_TYPE = YES_ERROR;
				GCC_WARN_UNDECLARED_SELECTOR = YES;
				GCC_WARN_UNINITIALIZED_AUTOS = YES_AGGRESSIVE;
				GCC_WARN_UNUSED_FUNCTION = YES;
				GCC_WARN_UNUSED_VARIABLE = YES;
				MACOSX_DEPLOYMENT_TARGET = 14.0;
				MTL_ENABLE_DEBUG_INFO = NO;
				MTL_FAST_MATH = YES;
				PRODUCT_NAME = "$(TARGET_NAME)";
				SDKROOT = macosx;
				SWIFT_COMPILATION_MODE = wholemodule;
				SWIFT_OPTIMIZATION_LEVEL = "-O";
				SWIFT_VERSION = 6.0;
			};
			name = Release;
		};
		7B5C8DBF941B509968DE539B /* Release */ = {
			isa = XCBuildConfiguration;
			buildSettings = {
				ASSETCATALOG_COMPILER_APPICON_NAME = AppIcon;
				CODE_SIGN_ENTITLEMENTS = Impulse/Resources/Impulse.entitlements;
				COMBINE_HIDPI_IMAGES = YES;
				INFOPLIST_FILE = Impulse/Resources/Info.plist;
				LD_RUNPATH_SEARCH_PATHS = (
					"$(inherited)",
					"@executable_path/../Frameworks",
				);
				PRODUCT_BUNDLE_IDENTIFIER = com.section9lab.Impulse;
				SDKROOT = macosx;
			};
			name = Release;
		};
		BDE39DB53D0E5B33CF614A27 /* Debug */ = {
			isa = XCBuildConfiguration;
			buildSettings = {
				ASSETCATALOG_COMPILER_APPICON_NAME = AppIcon;
				CODE_SIGN_ENTITLEMENTS = Impulse/Resources/Impulse.entitlements;
				COMBINE_HIDPI_IMAGES = YES;
				INFOPLIST_FILE = Impulse/Resources/Info.plist;
				LD_RUNPATH_SEARCH_PATHS = (
					"$(inherited)",
					"@executable_path/../Frameworks",
				);
				PRODUCT_BUNDLE_IDENTIFIER = com.section9lab.Impulse;
				SDKROOT = macosx;
			};
			name = Debug;
		};
/* End XCBuildConfiguration section */

/* Begin XCConfigurationList section */
		65FF25DC66F76E9BB446F032 /* Build configuration list for PBXNativeTarget "Impulse" */ = {
			isa = XCConfigurationList;
			buildConfigurations = (
				BDE39DB53D0E5B33CF614A27 /* Debug */,
				7B5C8DBF941B509968DE539B /* Release */,
			);
			defaultConfigurationIsVisible = 0;
			defaultConfigurationName = Debug;
		};
		D6AAAA4C6B9257102445D750 /* Build configuration list for PBXProject "Impulse" */ = {
			isa = XCConfigurationList;
			buildConfigurations = (
				05DC26BA76280333BA6E6F6A /* Debug */,
				7914F679C806B0B677FBB74B /* Release */,
			);
			defaultConfigurationIsVisible = 0;
			defaultConfigurationName = Debug;
		};
/* End XCConfigurationList section */

/* Begin XCLocalSwiftPackageReference section */
		3F4402A76C3073BA7D3C40D4 /* XCLocalSwiftPackageReference "../SwiftCodingAgent" */ = {
			isa = XCLocalSwiftPackageReference;
			relativePath = ../SwiftCodingAgent;
		};
/* End XCLocalSwiftPackageReference section */

/* Begin XCRemoteSwiftPackageReference section */
		8771656467389179A7BFC86A /* XCRemoteSwiftPackageReference "swift-markdown-ui" */ = {
			isa = XCRemoteSwiftPackageReference;
			repositoryURL = "https://github.com/gonzalezreal/swift-markdown-ui";
			requirement = {
				kind = upToNextMajorVersion;
				minimumVersion = 2.4.0;
			};
		};
/* End XCRemoteSwiftPackageReference section */

/* Begin XCSwiftPackageProductDependency section */
		68EF85DE09245D51EA357FF4 /* MarkdownUI */ = {
			isa = XCSwiftPackageProductDependency;
			package = 8771656467389179A7BFC86A /* XCRemoteSwiftPackageReference "swift-markdown-ui" */;
			productName = MarkdownUI;
		};
		EE576E14ED8C835AD3FC5CBC /* SwiftCodingAgent */ = {
			isa = XCSwiftPackageProductDependency;
			productName = SwiftCodingAgent;
		};
/* End XCSwiftPackageProductDependency section */
	};
	rootObject = 6280DE732DAFC5BF8CE75687 /* Project object */;
}
